// !$*UTF8*$!
{
	archiveVersion = 1;
	classes = {
	};
	objectVersion = 46;
	objects = {

/* Begin PBXBuildFile section */
		198DE9FBB6F20AEC65A30A01 /* GotoApp.swift in Sources */ = {isa = PBXBuildFile; fileRef = BB4581CFDA2245E298AAE197 /* GotoApp.swift */; };
		22885CC5AE7942A0147ADBFD /* TerminalLaunchError.swift in Sources */ = {isa = PBXBuildFile; fileRef = 8BFA92331DF976750F9489FC /* TerminalLaunchError.swift */; };
		2341DE556D25C99764EA4B0B /* ValidatedDirectory.swift in Sources */ = {isa = PBXBuildFile; fileRef = 5C72FDF4BE30C93160EF32F8 /* ValidatedDirectory.swift */; };
		2C935F9E0535FB5FC49AD111 /* FinderSync.framework in Frameworks */ = {isa = PBXBuildFile; fileRef = 0E16F2F91B7F413522EB85F4 /* FinderSync.framework */; };
		32F7FC1C8606DE678E712CE4 /* Cocoa.framework in Frameworks */ = {isa = PBXBuildFile; fileRef = 29CB15D2320F91460DFBD2AF /* Cocoa.framework */; };
		4CADF692F91F9EB280B22C08 /* FinderLaunchNotifications.swift in Sources */ = {isa = PBXBuildFile; fileRef = 27BFC7D7203AAB3FF0439147 /* FinderLaunchNotifications.swift */; };
		4D2F97278F2C3828887030E0 /* MenuBarViewModel.swift in Sources */ = {isa = PBXBuildFile; fileRef = 1B134575F81C14E43EDDC867 /* MenuBarViewModel.swift */; };
		59F08D01F99E698C07F1DCD0 /* SharedSettings.swift in Sources */ = {isa = PBXBuildFile; fileRef = 8E15C049F3E6DB4391AFC848 /* SharedSettings.swift */; };
		5E5E9FBBD0A7F059DEE96453 /* FinderSync.framework in Frameworks */ = {isa = PBXBuildFile; fileRef = 0E16F2F91B7F413522EB85F4 /* FinderSync.framework */; };
		667581110376E460C0F08A34 /* RegistryWatcher.swift in Sources */ = {isa = PBXBuildFile; fileRef = DF30F916E2C33BD516342A34 /* RegistryWatcher.swift */; };
		66CC2F16CE55905DDF0157CA /* TerminalScriptBuilder.swift in Sources */ = {isa = PBXBuildFile; fileRef = 4893859FE28863D24F9B411A /* TerminalScriptBuilder.swift */; };
		7631F562AE920BB7142FB673 /* FinderLaunchBridge.swift in Sources */ = {isa = PBXBuildFile; fileRef = 7E959C2C61B99A7D4BCE8246 /* FinderLaunchBridge.swift */; };
		766C3B05E5AC4265C68B6C2B /* RegistryStore.swift in Sources */ = {isa = PBXBuildFile; fileRef = 77F343176B5F0BBF386C12F6 /* RegistryStore.swift */; };
		A880D4C610F966DEC2EF466D /* TerminalApp.swift in Sources */ = {isa = PBXBuildFile; fileRef = 8D469FFE995F7A90A34D4EC9 /* TerminalApp.swift */; };
		A99F83C61AEC7F0B7B7CD0FD /* TerminalLauncher.swift in Sources */ = {isa = PBXBuildFile; fileRef = 2ABD41795412B75DDDC13483 /* TerminalLauncher.swift */; };
		AAA7866783A88A510CFF93E5 /* GotoFinderSync.appex in Embed App Extensions */ = {isa = PBXBuildFile; fileRef = 9F0E17D2BB04B37E8B4E1BD9 /* GotoFinderSync.appex */; settings = {ATTRIBUTES = (RemoveHeadersOnCopy, CodeSignOnCopy, ); }; };
		BC5933E6C2DE0F8633E1E340 /* FinderClickMode.swift in Sources */ = {isa = PBXBuildFile; fileRef = AD9CD9E32DB35D21DA76D90E /* FinderClickMode.swift */; };
		C18B0053EC09FFA7347E043B /* FinderLaunchNotifications.swift in Sources */ = {isa = PBXBuildFile; fileRef = 38ACDA66F5ED0D0DEB27C523 /* FinderLaunchNotifications.swift */; };
		C55E71C56BC5F2C8BC3E7FD3 /* GotoFinderSyncExtension.swift in Sources */ = {isa = PBXBuildFile; fileRef = 59E83D5BD560377F1FA6925D /* GotoFinderSyncExtension.swift */; };
		C6533D9CDD06885EA8D2FBF4 /* SettingsWindow.swift in Sources */ = {isa = PBXBuildFile; fileRef = 3644E7B9A69D01A5BAA2A920 /* SettingsWindow.swift */; };
		C8BCF8213EC60D6B62969F5B /* TerminalAppDetector.swift in Sources */ = {isa = PBXBuildFile; fileRef = FC7D734D56B500733CA2692B /* TerminalAppDetector.swift */; };
		CD6C866133F1E7D8A0E49423 /* FinderClickMode.swift in Sources */ = {isa = PBXBuildFile; fileRef = 62EDE26134AB3E320EC4C5D7 /* FinderClickMode.swift */; };
		CDFCD7EB3E60C4CAAAE07C5D /* Cocoa.framework in Frameworks */ = {isa = PBXBuildFile; fileRef = 29CB15D2320F91460DFBD2AF /* Cocoa.framework */; };
		D62DAA857C532A0C25891288 /* TerminalLaunchRequest.swift in Sources */ = {isa = PBXBuildFile; fileRef = 6F534EEB2E6ACF4AB22510DA /* TerminalLaunchRequest.swift */; };
		D6D18EE83E65F1C4CD50CAE4 /* FinderSelection.swift in Sources */ = {isa = PBXBuildFile; fileRef = F2B43CE05D6DDF490C72C922 /* FinderSelection.swift */; };
		EABC73989E3E8C7ABADDED28 /* ProjectEntry.swift in Sources */ = {isa = PBXBuildFile; fileRef = DD52497F5555B87074B0C43D /* ProjectEntry.swift */; };
		EF75AE1A3BFBC780D0DD1F5A /* FinderErrorPresenter.swift in Sources */ = {isa = PBXBuildFile; fileRef = E4EBA38D21250BA994754608 /* FinderErrorPresenter.swift */; };
/* End PBXBuildFile section */

/* Begin PBXContainerItemProxy section */
		C72165DECCAA207F1DB9A529 /* PBXContainerItemProxy */ = {
			isa = PBXContainerItemProxy;
			containerPortal = 79F22C645EAE1083C511A68F /* Project object */;
			proxyType = 1;
			remoteGlobalIDString = 0170E1238968A3708400E470;
			remoteInfo = GotoFinderSync;
		};
/* End PBXContainerItemProxy section */

/* Begin PBXCopyFilesBuildPhase section */
		65E0D5A1F852C8A55C5C1982 /* Embed App Extensions */ = {
			isa = PBXCopyFilesBuildPhase;
			buildActionMask = 2147483647;
			dstPath = "";
			dstSubfolderSpec = 13;
			files = (
				AAA7866783A88A510CFF93E5 /* GotoFinderSync.appex in Embed App Extensions */,
			);
			name = "Embed App Extensions";
			runOnlyForDeploymentPostprocessing = 0;
		};
/* End PBXCopyFilesBuildPhase section */

/* Begin PBXFileReference section */
		0E16F2F91B7F413522EB85F4 /* FinderSync.framework */ = {isa = PBXFileReference; lastKnownFileType = wrapper.framework; name = FinderSync.framework; path = System/Library/Frameworks/FinderSync.framework; sourceTree = "<group>"; };
		1B134575F81C14E43EDDC867 /* MenuBarViewModel.swift */ = {isa = PBXFileReference; includeInIndex = 1; lastKnownFileType = sourcecode.swift; name = MenuBarViewModel.swift; path = Goto/MenuBarViewModel.swift; sourceTree = "<group>"; };
		27BFC7D7203AAB3FF0439147 /* FinderLaunchNotifications.swift */ = {isa = PBXFileReference; includeInIndex = 1; lastKnownFileType = sourcecode.swift; name = FinderLaunchNotifications.swift; path = Shared/FinderLaunchNotifications.swift; sourceTree = "<group>"; };
		29CB15D2320F91460DFBD2AF /* Cocoa.framework */ = {isa = PBXFileReference; lastKnownFileType = wrapper.framework; name = Cocoa.framework; path = Platforms/MacOSX.platform/Developer/SDKs/MacOSX15.0.sdk/System/Library/Frameworks/Cocoa.framework; sourceTree = DEVELOPER_DIR; };
		2ABD41795412B75DDDC13483 /* TerminalLauncher.swift */ = {isa = PBXFileReference; includeInIndex = 1; lastKnownFileType = sourcecode.swift; name = TerminalLauncher.swift; path = ../native/Sources/GotoNativeCore/TerminalLauncher.swift; sourceTree = "<group>"; };
		3644E7B9A69D01A5BAA2A920 /* SettingsWindow.swift */ = {isa = PBXFileReference; includeInIndex = 1; lastKnownFileType = sourcecode.swift; name = SettingsWindow.swift; path = Goto/SettingsWindow.swift; sourceTree = "<group>"; };
		38ACDA66F5ED0D0DEB27C523 /* FinderLaunchNotifications.swift */ = {isa = PBXFileReference; includeInIndex = 1; lastKnownFileType = sourcecode.swift; name = FinderLaunchNotifications.swift; path = Shared/FinderLaunchNotifications.swift; sourceTree = "<group>"; };
		4893859FE28863D24F9B411A /* TerminalScriptBuilder.swift */ = {isa = PBXFileReference; includeInIndex = 1; lastKnownFileType = sourcecode.swift; name = TerminalScriptBuilder.swift; path = ../native/Sources/GotoNativeCore/TerminalScriptBuilder.swift; sourceTree = "<group>"; };
		59E83D5BD560377F1FA6925D /* GotoFinderSyncExtension.swift */ = {isa = PBXFileReference; includeInIndex = 1; lastKnownFileType = sourcecode.swift; name = GotoFinderSyncExtension.swift; path = GotoFinderSync/GotoFinderSyncExtension.swift; sourceTree = "<group>"; };
		5C72FDF4BE30C93160EF32F8 /* ValidatedDirectory.swift */ = {isa = PBXFileReference; includeInIndex = 1; lastKnownFileType = sourcecode.swift; name = ValidatedDirectory.swift; path = ../native/Sources/GotoNativeCore/ValidatedDirectory.swift; sourceTree = "<group>"; };
		62EDE26134AB3E320EC4C5D7 /* FinderClickMode.swift */ = {isa = PBXFileReference; includeInIndex = 1; lastKnownFileType = sourcecode.swift; name = FinderClickMode.swift; path = ../native/Sources/GotoNativeCore/FinderClickMode.swift; sourceTree = "<group>"; };
		6F534EEB2E6ACF4AB22510DA /* TerminalLaunchRequest.swift */ = {isa = PBXFileReference; includeInIndex = 1; lastKnownFileType = sourcecode.swift; name = TerminalLaunchRequest.swift; path = ../native/Sources/GotoNativeCore/TerminalLaunchRequest.swift; sourceTree = "<group>"; };
		77F343176B5F0BBF386C12F6 /* RegistryStore.swift */ = {isa = PBXFileReference; includeInIndex = 1; lastKnownFileType = sourcecode.swift; name = RegistryStore.swift; path = ../native/Sources/GotoNativeCore/RegistryStore.swift; sourceTree = "<group>"; };
		7E959C2C61B99A7D4BCE8246 /* FinderLaunchBridge.swift */ = {isa = PBXFileReference; includeInIndex = 1; lastKnownFileType = sourcecode.swift; name = FinderLaunchBridge.swift; path = GotoFinder/FinderLaunchBridge.swift; sourceTree = "<group>"; };
		83FCBF0C210356E25BF03A27 /* Goto.app */ = {isa = PBXFileReference; explicitFileType = wrapper.application; includeInIndex = 0; path = Goto.app; sourceTree = BUILT_PRODUCTS_DIR; };
		8BFA92331DF976750F9489FC /* TerminalLaunchError.swift */ = {isa = PBXFileReference; includeInIndex = 1; lastKnownFileType = sourcecode.swift; name = TerminalLaunchError.swift; path = ../native/Sources/GotoNativeCore/TerminalLaunchError.swift; sourceTree = "<group>"; };
		8D469FFE995F7A90A34D4EC9 /* TerminalApp.swift */ = {isa = PBXFileReference; includeInIndex = 1; lastKnownFileType = sourcecode.swift; name = TerminalApp.swift; path = ../native/Sources/GotoNativeCore/TerminalApp.swift; sourceTree = "<group>"; };
		8E15C049F3E6DB4391AFC848 /* SharedSettings.swift */ = {isa = PBXFileReference; includeInIndex = 1; lastKnownFileType = sourcecode.swift; name = SharedSettings.swift; path = ../native/Sources/GotoNativeCore/SharedSettings.swift; sourceTree = "<group>"; };
		9F0E17D2BB04B37E8B4E1BD9 /* GotoFinderSync.appex */ = {isa = PBXFileReference; explicitFileType = "wrapper.app-extension"; includeInIndex = 0; path = GotoFinderSync.appex; sourceTree = BUILT_PRODUCTS_DIR; };
		AD9CD9E32DB35D21DA76D90E /* FinderClickMode.swift */ = {isa = PBXFileReference; includeInIndex = 1; lastKnownFileType = sourcecode.swift; name = FinderClickMode.swift; path = ../native/Sources/GotoNativeCore/FinderClickMode.swift; sourceTree = "<group>"; };
		BB4581CFDA2245E298AAE197 /* GotoApp.swift */ = {isa = PBXFileReference; includeInIndex = 1; lastKnownFileType = sourcecode.swift; name = GotoApp.swift; path = Goto/GotoApp.swift; sourceTree = "<group>"; };
		DD52497F5555B87074B0C43D /* ProjectEntry.swift */ = {isa = PBXFileReference; includeInIndex = 1; lastKnownFileType = sourcecode.swift; name = ProjectEntry.swift; path = ../native/Sources/GotoNativeCore/ProjectEntry.swift; sourceTree = "<group>"; };
		DF30F916E2C33BD516342A34 /* RegistryWatcher.swift */ = {isa = PBXFileReference; includeInIndex = 1; lastKnownFileType = sourcecode.swift; name = RegistryWatcher.swift; path = ../native/Sources/GotoNativeCore/RegistryWatcher.swift; sourceTree = "<group>"; };
		E4EBA38D21250BA994754608 /* FinderErrorPresenter.swift */ = {isa = PBXFileReference; includeInIndex = 1; lastKnownFileType = sourcecode.swift; name = FinderErrorPresenter.swift; path = ../native/Sources/GotoNativeCore/FinderErrorPresenter.swift; sourceTree = "<group>"; };
		F2B43CE05D6DDF490C72C922 /* FinderSelection.swift */ = {isa = PBXFileReference; includeInIndex = 1; lastKnownFileType = sourcecode.swift; name = FinderSelection.swift; path = ../native/Sources/GotoNativeCore/FinderSelection.swift; sourceTree = "<group>"; };
		FC7D734D56B500733CA2692B /* TerminalAppDetector.swift */ = {isa = PBXFileReference; includeInIndex = 1; lastKnownFileType = sourcecode.swift; name = TerminalAppDetector.swift; path = ../native/Sources/GotoNativeCore/TerminalAppDetector.swift; sourceTree = "<group>"; };
/* End PBXFileReference section */

/* Begin PBXFrameworksBuildPhase section */
		45B7775F9DA16C2C9BA6260F /* Frameworks */ = {
			isa = PBXFrameworksBuildPhase;
			buildActionMask = 2147483647;
			files = (
				32F7FC1C8606DE678E712CE4 /* Cocoa.framework in Frameworks */,
				5E5E9FBBD0A7F059DEE96453 /* FinderSync.framework in Frameworks */,
			);
			runOnlyForDeploymentPostprocessing = 0;
		};
		9F422653EC56869F1A25D1BB /* Frameworks */ = {
			isa = PBXFrameworksBuildPhase;
			buildActionMask = 2147483647;
			files = (
				CDFCD7EB3E60C4CAAAE07C5D /* Cocoa.framework in Frameworks */,
				2C935F9E0535FB5FC49AD111 /* FinderSync.framework in Frameworks */,
			);
			runOnlyForDeploymentPostprocessing = 0;
		};
/* End PBXFrameworksBuildPhase section */

/* Begin PBXGroup section */
		2AEB5F0CE77739CAB02D72CC /* NativeCore */ = {
			isa = PBXGroup;
			children = (
				DD52497F5555B87074B0C43D /* ProjectEntry.swift */,
				77F343176B5F0BBF386C12F6 /* RegistryStore.swift */,
				5C72FDF4BE30C93160EF32F8 /* ValidatedDirectory.swift */,
				F2B43CE05D6DDF490C72C922 /* FinderSelection.swift */,
				E4EBA38D21250BA994754608 /* FinderErrorPresenter.swift */,
				4893859FE28863D24F9B411A /* TerminalScriptBuilder.swift */,
				8BFA92331DF976750F9489FC /* TerminalLaunchError.swift */,
				6F534EEB2E6ACF4AB22510DA /* TerminalLaunchRequest.swift */,
				2ABD41795412B75DDDC13483 /* TerminalLauncher.swift */,
				8D469FFE995F7A90A34D4EC9 /* TerminalApp.swift */,
				FC7D734D56B500733CA2692B /* TerminalAppDetector.swift */,
				DF30F916E2C33BD516342A34 /* RegistryWatcher.swift */,
				62EDE26134AB3E320EC4C5D7 /* FinderClickMode.swift */,
				8E15C049F3E6DB4391AFC848 /* SharedSettings.swift */,
				AD9CD9E32DB35D21DA76D90E /* FinderClickMode.swift */,
			);
			name = NativeCore;
			sourceTree = "<group>";
		};
		3DE9BFC843752F5047056A6E /* Products */ = {
			isa = PBXGroup;
			children = (
				83FCBF0C210356E25BF03A27 /* Goto.app */,
				9F0E17D2BB04B37E8B4E1BD9 /* GotoFinderSync.appex */,
			);
			name = Products;
			sourceTree = "<group>";
		};
		5A585DE9145D85F02F6A3DEE /* GotoFinder */ = {
			isa = PBXGroup;
			children = (
				7E959C2C61B99A7D4BCE8246 /* FinderLaunchBridge.swift */,
			);
			name = GotoFinder;
			sourceTree = "<group>";
		};
		7D7CF30352CD83031391CFAE /* GotoFinderSync */ = {
			isa = PBXGroup;
			children = (
				59E83D5BD560377F1FA6925D /* GotoFinderSyncExtension.swift */,
			);
			name = GotoFinderSync;
			sourceTree = "<group>";
		};
		82F71FCEB65180FAA6D0C125 /* Frameworks */ = {
			isa = PBXGroup;
			children = (
				BC64CFE161CB67C9F9C39BBC /* OS X */,
				0E16F2F91B7F413522EB85F4 /* FinderSync.framework */,
			);
			name = Frameworks;
			sourceTree = "<group>";
		};
		8A2DF6997E5E560E2414E977 /* Goto */ = {
			isa = PBXGroup;
			children = (
				BB4581CFDA2245E298AAE197 /* GotoApp.swift */,
				1B134575F81C14E43EDDC867 /* MenuBarViewModel.swift */,
				3644E7B9A69D01A5BAA2A920 /* SettingsWindow.swift */,
			);
			name = Goto;
			sourceTree = "<group>";
		};
		BC64CFE161CB67C9F9C39BBC /* OS X */ = {
			isa = PBXGroup;
			children = (
				29CB15D2320F91460DFBD2AF /* Cocoa.framework */,
			);
			name = "OS X";
			sourceTree = "<group>";
		};
		EFE15AD0F86A183A8B8C527D = {
			isa = PBXGroup;
			children = (
				3DE9BFC843752F5047056A6E /* Products */,
				82F71FCEB65180FAA6D0C125 /* Frameworks */,
				8A2DF6997E5E560E2414E977 /* Goto */,
				5A585DE9145D85F02F6A3DEE /* GotoFinder */,
				7D7CF30352CD83031391CFAE /* GotoFinderSync */,
				FD5C819881DBD873932EAA6E /* Shared */,
				2AEB5F0CE77739CAB02D72CC /* NativeCore */,
			);
			sourceTree = "<group>";
		};
		FD5C819881DBD873932EAA6E /* Shared */ = {
			isa = PBXGroup;
			children = (
				27BFC7D7203AAB3FF0439147 /* FinderLaunchNotifications.swift */,
				38ACDA66F5ED0D0DEB27C523 /* FinderLaunchNotifications.swift */,
			);
			name = Shared;
			sourceTree = "<group>";
		};
/* End PBXGroup section */

/* Begin PBXNativeTarget section */
		0170E1238968A3708400E470 /* GotoFinderSync */ = {
			isa = PBXNativeTarget;
			buildConfigurationList = 4302F9A4BA884B0C99EAF0EC /* Build configuration list for PBXNativeTarget "GotoFinderSync" */;
			buildPhases = (
				D6B9A9ABCA877336EB3B36EE /* Sources */,
				45B7775F9DA16C2C9BA6260F /* Frameworks */,
				8B9BC6FC3E34260750F768B4 /* Resources */,
			);
			buildRules = (
			);
			dependencies = (
			);
			name = GotoFinderSync;
			productName = GotoFinderSync;
			productReference = 9F0E17D2BB04B37E8B4E1BD9 /* GotoFinderSync.appex */;
			productType = "com.apple.product-type.app-extension";
		};
		6B8786E6DDE673C8944D1D77 /* Goto */ = {
			isa = PBXNativeTarget;
			buildConfigurationList = B0B5A90B56ED44E04730712B /* Build configuration list for PBXNativeTarget "Goto" */;
			buildPhases = (
				01C7F8100B7A43C1A886A5EF /* Sources */,
				9F422653EC56869F1A25D1BB /* Frameworks */,
				879DD08320F42E4E7E39520D /* Resources */,
				65E0D5A1F852C8A55C5C1982 /* Embed App Extensions */,
			);
			buildRules = (
			);
			dependencies = (
				49C7CE10BEC9FE6036F52BB9 /* PBXTargetDependency */,
			);
			name = Goto;
			productName = Goto;
			productReference = 83FCBF0C210356E25BF03A27 /* Goto.app */;
			productType = "com.apple.product-type.application";
		};
/* End PBXNativeTarget section */

/* Begin PBXProject section */
		79F22C645EAE1083C511A68F /* Project object */ = {
			isa = PBXProject;
			attributes = {
				LastSwiftUpdateCheck = 1600;
				LastUpgradeCheck = 1520;
				TargetAttributes = {
					0170E1238968A3708400E470 = {
					};
					6B8786E6DDE673C8944D1D77 = {
					};
				};
			};
			buildConfigurationList = C4480077B27A7E701CBB2BFC /* Build configuration list for PBXProject "Goto" */;
			compatibilityVersion = "Xcode 3.2";
			developmentRegion = en;
			hasScannedForEncodings = 0;
			knownRegions = (
				en,
				Base,
			);
			mainGroup = EFE15AD0F86A183A8B8C527D;
			minimizedProjectReferenceProxies = 0;
			preferredProjectObjectVersion = 77;
			productRefGroup = 3DE9BFC843752F5047056A6E /* Products */;
			projectDirPath = "";
			projectRoot = "";
			targets = (
				6B8786E6DDE673C8944D1D77 /* Goto */,
				0170E1238968A3708400E470 /* GotoFinderSync */,
			);
		};
/* End PBXProject section */

/* Begin PBXResourcesBuildPhase section */
		879DD08320F42E4E7E39520D /* Resources */ = {
			isa = PBXResourcesBuildPhase;
			buildActionMask = 2147483647;
			files = (
			);
			runOnlyForDeploymentPostprocessing = 0;
		};
		8B9BC6FC3E34260750F768B4 /* Resources */ = {
			isa = PBXResourcesBuildPhase;
			buildActionMask = 2147483647;
			files = (
			);
			runOnlyForDeploymentPostprocessing = 0;
		};
/* End PBXResourcesBuildPhase section */

/* Begin PBXSourcesBuildPhase section */
		01C7F8100B7A43C1A886A5EF /* Sources */ = {
			isa = PBXSourcesBuildPhase;
			buildActionMask = 2147483647;
			files = (
				198DE9FBB6F20AEC65A30A01 /* GotoApp.swift in Sources */,
				4D2F97278F2C3828887030E0 /* MenuBarViewModel.swift in Sources */,
				C6533D9CDD06885EA8D2FBF4 /* SettingsWindow.swift in Sources */,
				7631F562AE920BB7142FB673 /* FinderLaunchBridge.swift in Sources */,
				4CADF692F91F9EB280B22C08 /* FinderLaunchNotifications.swift in Sources */,
				EABC73989E3E8C7ABADDED28 /* ProjectEntry.swift in Sources */,
				766C3B05E5AC4265C68B6C2B /* RegistryStore.swift in Sources */,
				2341DE556D25C99764EA4B0B /* ValidatedDirectory.swift in Sources */,
				D6D18EE83E65F1C4CD50CAE4 /* FinderSelection.swift in Sources */,
				EF75AE1A3BFBC780D0DD1F5A /* FinderErrorPresenter.swift in Sources */,
				66CC2F16CE55905DDF0157CA /* TerminalScriptBuilder.swift in Sources */,
				22885CC5AE7942A0147ADBFD /* TerminalLaunchError.swift in Sources */,
				D62DAA857C532A0C25891288 /* TerminalLaunchRequest.swift in Sources */,
				A99F83C61AEC7F0B7B7CD0FD /* TerminalLauncher.swift in Sources */,
				A880D4C610F966DEC2EF466D /* TerminalApp.swift in Sources */,
				C8BCF8213EC60D6B62969F5B /* TerminalAppDetector.swift in Sources */,
				667581110376E460C0F08A34 /* RegistryWatcher.swift in Sources */,
				CD6C866133F1E7D8A0E49423 /* FinderClickMode.swift in Sources */,
				59F08D01F99E698C07F1DCD0 /* SharedSettings.swift in Sources */,
			);
			runOnlyForDeploymentPostprocessing = 0;
		};
		D6B9A9ABCA877336EB3B36EE /* Sources */ = {
			isa = PBXSourcesBuildPhase;
			buildActionMask = 2147483647;
			files = (
				C55E71C56BC5F2C8BC3E7FD3 /* GotoFinderSyncExtension.swift in Sources */,
				C18B0053EC09FFA7347E043B /* FinderLaunchNotifications.swift in Sources */,
				BC5933E6C2DE0F8633E1E340 /* FinderClickMode.swift in Sources */,
			);
			runOnlyForDeploymentPostprocessing = 0;
		};
/* End PBXSourcesBuildPhase section */

/* Begin PBXTargetDependency section */
		49C7CE10BEC9FE6036F52BB9 /* PBXTargetDependency */ = {
			isa = PBXTargetDependency;
			name = GotoFinderSync;
			target = 0170E1238968A3708400E470 /* GotoFinderSync */;
			targetProxy = C72165DECCAA207F1DB9A529 /* PBXContainerItemProxy */;
		};
/* End PBXTargetDependency section */

/* Begin XCBuildConfiguration section */
		1230610AC5093EB23AD6E5C8 /* Release */ = {
			isa = XCBuildConfiguration;
			buildSettings = {
				APPLICATION_EXTENSION_API_ONLY = YES;
				CODE_SIGN_ENTITLEMENTS = GotoFinderSync/GotoFinderSync.entitlements;
				CODE_SIGN_IDENTITY = "-";
				CODE_SIGN_STYLE = Manual;
				CURRENT_PROJECT_VERSION = 0.0.1;
				GENERATE_INFOPLIST_FILE = NO;
				INFOPLIST_FILE = GotoFinderSync/Info.plist;
				LD_RUNPATH_SEARCH_PATHS = "$(inherited) @executable_path/../../Frameworks @executable_path/../../PlugIns";
				MACOSX_DEPLOYMENT_TARGET = 13.0;
				MARKETING_VERSION = 0.0.1;
				PRODUCT_BUNDLE_IDENTIFIER = dev.goto.finder.findersync;
				PRODUCT_NAME = GotoFinderSync;
				SDKROOT = macosx;
				SKIP_INSTALL = YES;
				SWIFT_VERSION = 5.0;
			};
			name = Release;
		};
		70E1E3EBD4C6F4BCBD73FB6C /* Debug */ = {
			isa = XCBuildConfiguration;
			buildSettings = {
				ALWAYS_EMBED_SWIFT_STANDARD_LIBRARIES = YES;
				ASSETCATALOG_COMPILER_APPICON_NAME = AppIcon;
				ASSETCATALOG_COMPILER_GLOBAL_ACCENT_COLOR_NAME = AccentColor;
				CODE_SIGN_IDENTITY = "-";
				CODE_SIGN_STYLE = Manual;
				COMBINE_HIDPI_IMAGES = YES;
				CURRENT_PROJECT_VERSION = 0.0.1;
				GENERATE_INFOPLIST_FILE = NO;
				INFOPLIST_FILE = Goto/Info.plist;
				LD_RUNPATH_SEARCH_PATHS = "$(inherited) @executable_path/../Frameworks @executable_path/../PlugIns";
				MACOSX_DEPLOYMENT_TARGET = 13.0;
				MARKETING_VERSION = 0.0.1;
				PRODUCT_BUNDLE_IDENTIFIER = dev.goto.finder;
				PRODUCT_NAME = Goto;
				SDKROOT = macosx;
				SWIFT_VERSION = 5.0;
			};
			name = Debug;
		};
		72F4F2073E012D8AC7EDCCB9 /* Debug */ = {
			isa = XCBuildConfiguration;
			buildSettings = {
				ALWAYS_SEARCH_USER_PATHS = NO;
				CLANG_ANALYZER_NONNULL = YES;
				CLANG_ANALYZER_NUMBER_OBJECT_CONVERSION = YES_AGGRESSIVE;
				CLANG_CXX_LANGUAGE_STANDARD = "gnu++14";
				CLANG_CXX_LIBRARY = "libc++";
				CLANG_ENABLE_MODULES = YES;
				CLANG_ENABLE_OBJC_ARC = YES;
				CLANG_ENABLE_OBJC_WEAK = YES;
				CLANG_WARN_BLOCK_CAPTURE_AUTORELEASING = YES;
				CLANG_WARN_BOOL_CONVERSION = YES;
				CLANG_WARN_COMMA = YES;
				CLANG_WARN_CONSTANT_CONVERSION = YES;
				CLANG_WARN_DEPRECATED_OBJC_IMPLEMENTATIONS = YES;
				CLANG_WARN_DIRECT_OBJC_ISA_USAGE = YES_ERROR;
				CLANG_WARN_DOCUMENTATION_COMMENTS = YES;
				CLANG_WARN_EMPTY_BODY = YES;
				CLANG_WARN_ENUM_CONVERSION = YES;
				CLANG_WARN_INFINITE_RECURSION = YES;
				CLANG_WARN_INT_CONVERSION = YES;
				CLANG_WARN_NON_LITERAL_NULL_CONVERSION = YES;
				CLANG_WARN_OBJC_IMPLICIT_RETAIN_SELF = YES;
				CLANG_WARN_OBJC_LITERAL_CONVERSION = YES;
				CLANG_WARN_OBJC_ROOT_CLASS = YES_ERROR;
				CLANG_WARN_QUOTED_INCLUDE_IN_FRAMEWORK_HEADER = YES;
				CLANG_WARN_RANGE_LOOP_ANALYSIS = YES;
				CLANG_WARN_STRICT_PROTOTYPES = YES;
				CLANG_WARN_SUSPICIOUS_MOVE = YES;
				CLANG_WARN_UNGUARDED_AVAILABILITY = YES_AGGRESSIVE;
				CLANG_WARN_UNREACHABLE_CODE = YES;
				CLANG_WARN__DUPLICATE_METHOD_MATCH = YES;
				COPY_PHASE_STRIP = NO;
				DEBUG_INFORMATION_FORMAT = dwarf;
				ENABLE_STRICT_OBJC_MSGSEND = YES;
				ENABLE_TESTABILITY = YES;
				GCC_C_LANGUAGE_STANDARD = gnu11;
				GCC_DYNAMIC_NO_PIC = NO;
				GCC_NO_COMMON_BLOCKS = YES;
				GCC_OPTIMIZATION_LEVEL = 0;
				GCC_PREPROCESSOR_DEFINITIONS = (
					"DEBUG=1",
					"$(inherited)",
				);
				GCC_WARN_64_TO_32_BIT_CONVERSION = YES;
				GCC_WARN_ABOUT_RETURN_TYPE = YES_ERROR;
				GCC_WARN_UNDECLARED_SELECTOR = YES;
				GCC_WARN_UNINITIALIZED_AUTOS = YES_AGGRESSIVE;
				GCC_WARN_UNUSED_FUNCTION = YES;
				GCC_WARN_UNUSED_VARIABLE = YES;
				MTL_ENABLE_DEBUG_INFO = INCLUDE_SOURCE;
				MTL_FAST_MATH = YES;
				ONLY_ACTIVE_ARCH = YES;
				PRODUCT_NAME = "$(TARGET_NAME)";
				SWIFT_ACTIVE_COMPILATION_CONDITIONS = DEBUG;
				SWIFT_OPTIMIZATION_LEVEL = "-Onone";
				SWIFT_VERSION = 5.0;
			};
			name = Debug;
		};
		A9EC38D424ED31461682E078 /* Release */ = {
			isa = XCBuildConfiguration;
			buildSettings = {
				ALWAYS_SEARCH_USER_PATHS = NO;
				CLANG_ANALYZER_NONNULL = YES;
				CLANG_ANALYZER_NUMBER_OBJECT_CONVERSION = YES_AGGRESSIVE;
				CLANG_CXX_LANGUAGE_STANDARD = "gnu++14";
				CLANG_CXX_LIBRARY = "libc++";
				CLANG_ENABLE_MODULES = YES;
				CLANG_ENABLE_OBJC_ARC = YES;
				CLANG_ENABLE_OBJC_WEAK = YES;
				CLANG_WARN_BLOCK_CAPTURE_AUTORELEASING = YES;
				CLANG_WARN_BOOL_CONVERSION = YES;
				CLANG_WARN_COMMA = YES;
				CLANG_WARN_CONSTANT_CONVERSION = YES;
				CLANG_WARN_DEPRECATED_OBJC_IMPLEMENTATIONS = YES;
				CLANG_WARN_DIRECT_OBJC_ISA_USAGE = YES_ERROR;
				CLANG_WARN_DOCUMENTATION_COMMENTS = YES;
				CLANG_WARN_EMPTY_BODY = YES;
				CLANG_WARN_ENUM_CONVERSION = YES;
				CLANG_WARN_INFINITE_RECURSION = YES;
				CLANG_WARN_INT_CONVERSION = YES;
				CLANG_WARN_NON_LITERAL_NULL_CONVERSION = YES;
				CLANG_WARN_OBJC_IMPLICIT_RETAIN_SELF = YES;
				CLANG_WARN_OBJC_LITERAL_CONVERSION = YES;
				CLANG_WARN_OBJC_ROOT_CLASS = YES_ERROR;
				CLANG_WARN_QUOTED_INCLUDE_IN_FRAMEWORK_HEADER = YES;
				CLANG_WARN_RANGE_LOOP_ANALYSIS = YES;
				CLANG_WARN_STRICT_PROTOTYPES = YES;
				CLANG_WARN_SUSPICIOUS_MOVE = YES;
				CLANG_WARN_UNGUARDED_AVAILABILITY = YES_AGGRESSIVE;
				CLANG_WARN_UNREACHABLE_CODE = YES;
				CLANG_WARN__DUPLICATE_METHOD_MATCH = YES;
				COPY_PHASE_STRIP = NO;
				DEBUG_INFORMATION_FORMAT = "dwarf-with-dsym";
				ENABLE_NS_ASSERTIONS = NO;
				ENABLE_STRICT_OBJC_MSGSEND = YES;
				GCC_C_LANGUAGE_STANDARD = gnu11;
				GCC_NO_COMMON_BLOCKS = YES;
				GCC_WARN_64_TO_32_BIT_CONVERSION = YES;
				GCC_WARN_ABOUT_RETURN_TYPE = YES_ERROR;
				GCC_WARN_UNDECLARED_SELECTOR = YES;
				GCC_WARN_UNINITIALIZED_AUTOS = YES_AGGRESSIVE;
				GCC_WARN_UNUSED_FUNCTION = YES;
				GCC_WARN_UNUSED_VARIABLE = YES;
				MTL_ENABLE_DEBUG_INFO = NO;
				MTL_FAST_MATH = YES;
				PRODUCT_NAME = "$(TARGET_NAME)";
				SWIFT_COMPILATION_MODE = wholemodule;
				SWIFT_OPTIMIZATION_LEVEL = "-O";
				SWIFT_VERSION = 5.0;
			};
			name = Release;
		};
		C49846D7E860983AC8BD764B /* Debug */ = {
			isa = XCBuildConfiguration;
			buildSettings = {
				APPLICATION_EXTENSION_API_ONLY = YES;
				CODE_SIGN_ENTITLEMENTS = GotoFinderSync/GotoFinderSync.entitlements;
				CODE_SIGN_IDENTITY = "-";
				CODE_SIGN_STYLE = Manual;
				CURRENT_PROJECT_VERSION = 0.0.1;
				GENERATE_INFOPLIST_FILE = NO;
				INFOPLIST_FILE = GotoFinderSync/Info.plist;
				LD_RUNPATH_SEARCH_PATHS = "$(inherited) @executable_path/../../Frameworks @executable_path/../../PlugIns";
				MACOSX_DEPLOYMENT_TARGET = 13.0;
				MARKETING_VERSION = 0.0.1;
				PRODUCT_BUNDLE_IDENTIFIER = dev.goto.finder.findersync;
				PRODUCT_NAME = GotoFinderSync;
				SDKROOT = macosx;
				SKIP_INSTALL = YES;
				SWIFT_VERSION = 5.0;
			};
			name = Debug;
		};
		F2C56F90E62096974A181E44 /* Release */ = {
			isa = XCBuildConfiguration;
			buildSettings = {
				ALWAYS_EMBED_SWIFT_STANDARD_LIBRARIES = YES;
				ASSETCATALOG_COMPILER_APPICON_NAME = AppIcon;
				ASSETCATALOG_COMPILER_GLOBAL_ACCENT_COLOR_NAME = AccentColor;
				CODE_SIGN_IDENTITY = "-";
				CODE_SIGN_STYLE = Manual;
				COMBINE_HIDPI_IMAGES = YES;
				CURRENT_PROJECT_VERSION = 0.0.1;
				GENERATE_INFOPLIST_FILE = NO;
				INFOPLIST_FILE = Goto/Info.plist;
				LD_RUNPATH_SEARCH_PATHS = "$(inherited) @executable_path/../Frameworks @executable_path/../PlugIns";
				MACOSX_DEPLOYMENT_TARGET = 13.0;
				MARKETING_VERSION = 0.0.1;
				PRODUCT_BUNDLE_IDENTIFIER = dev.goto.finder;
				PRODUCT_NAME = Goto;
				SDKROOT = macosx;
				SWIFT_VERSION = 5.0;
			};
			name = Release;
		};
/* End XCBuildConfiguration section */

/* Begin XCConfigurationList section */
		4302F9A4BA884B0C99EAF0EC /* Build configuration list for PBXNativeTarget "GotoFinderSync" */ = {
			isa = XCConfigurationList;
			buildConfigurations = (
				1230610AC5093EB23AD6E5C8 /* Release */,
				C49846D7E860983AC8BD764B /* Debug */,
			);
			defaultConfigurationIsVisible = 0;
			defaultConfigurationName = Release;
		};
		B0B5A90B56ED44E04730712B /* Build configuration list for PBXNativeTarget "Goto" */ = {
			isa = XCConfigurationList;
			buildConfigurations = (
				F2C56F90E62096974A181E44 /* Release */,
				70E1E3EBD4C6F4BCBD73FB6C /* Debug */,
			);
			defaultConfigurationIsVisible = 0;
			defaultConfigurationName = Release;
		};
		C4480077B27A7E701CBB2BFC /* Build configuration list for PBXProject "Goto" */ = {
			isa = XCConfigurationList;
			buildConfigurations = (
				72F4F2073E012D8AC7EDCCB9 /* Debug */,
				A9EC38D424ED31461682E078 /* Release */,
			);
			defaultConfigurationIsVisible = 0;
			defaultConfigurationName = Release;
		};
/* End XCConfigurationList section */
	};
	rootObject = 79F22C645EAE1083C511A68F /* Project object */;
}
