// !$*UTF8*$!
{
	archiveVersion = 1;
	classes = {
	};
	objectVersion = 46;
	objects = {

/* Begin PBXBuildFile section */
		0CE0548D33D503281F9F061B /* GotoFinderSync.appex in Embed App Extensions */ = {isa = PBXBuildFile; fileRef = EB22476559B276E7E2A8F555 /* GotoFinderSync.appex */; settings = {ATTRIBUTES = (RemoveHeadersOnCopy, CodeSignOnCopy, ); }; };
		14C32AFD0063EFCCC4261023 /* GotoFinderSyncExtension.swift in Sources */ = {isa = PBXBuildFile; fileRef = 2E9318D58815408E2F8518E8 /* GotoFinderSyncExtension.swift */; };
		162233702AC2C5DAE3F8AEA9 /* Cocoa.framework in Frameworks */ = {isa = PBXBuildFile; fileRef = 8C7D6FEE0BB2E3F31340D54E /* Cocoa.framework */; };
		18EF4B2DCC28A9F2773642F7 /* FinderErrorPresenter.swift in Sources */ = {isa = PBXBuildFile; fileRef = ABF7872F8AA09B3DF5E3F2ED /* FinderErrorPresenter.swift */; };
		36AC6F5403934DC973348E15 /* TerminalApp.swift in Sources */ = {isa = PBXBuildFile; fileRef = AA489EF79A0EE43CBF9EDB8A /* TerminalApp.swift */; };
		3C816EF38F2D9EE275909AD1 /* FinderSync.framework in Frameworks */ = {isa = PBXBuildFile; fileRef = FBED81C24052E058940344B0 /* FinderSync.framework */; };
		4BAAB0FCD2F3E6E429083978 /* Goto.icns in Resources */ = {isa = PBXBuildFile; fileRef = D69F288927316A5E559D2171 /* Goto.icns */; };
		4F4D74951AF6F6BB5010CC0C /* FinderClickMode.swift in Sources */ = {isa = PBXBuildFile; fileRef = EBCFACB0C473E2AC2D7F0C62 /* FinderClickMode.swift */; };
		50227A286A73468B39A9E9CE /* RegistryWatcher.swift in Sources */ = {isa = PBXBuildFile; fileRef = 2F466EDFDA863BCCC6368663 /* RegistryWatcher.swift */; };
		5146DEACA45DE43640C390AA /* FinderLaunchBridge.swift in Sources */ = {isa = PBXBuildFile; fileRef = 213E746E1B2699F597B50BC6 /* FinderLaunchBridge.swift */; };
		51AB8A4147116004076B1E2E /* FinderSync.framework in Frameworks */ = {isa = PBXBuildFile; fileRef = FBED81C24052E058940344B0 /* FinderSync.framework */; };
		643FE05C8FB77C4FA2F8924D /* FinderLaunchNotifications.swift in Sources */ = {isa = PBXBuildFile; fileRef = DC62854EA247DF0D0A5C1A8B /* FinderLaunchNotifications.swift */; };
		6B7D51EC583D2EDD27F950AF /* ProjectEntry.swift in Sources */ = {isa = PBXBuildFile; fileRef = EDD12B6E0D8666EFE2614DF0 /* ProjectEntry.swift */; };
		7253A7A22ED6D20CF0E9AC61 /* TerminalLaunchRequest.swift in Sources */ = {isa = PBXBuildFile; fileRef = 9E3A32355163E4A0660E92F5 /* TerminalLaunchRequest.swift */; };
		734046AACBC75FE02CC4C5CE /* RegistryStore.swift in Sources */ = {isa = PBXBuildFile; fileRef = 8FE50DBA0ACF3072B740E8FD /* RegistryStore.swift */; };
		83944BF2F2DCCB4BBFE7D1FE /* TerminalLauncher.swift in Sources */ = {isa = PBXBuildFile; fileRef = A715F9A7057D2DE9C471E49E /* TerminalLauncher.swift */; };
		86DF3C85D5B9A5DF58004A44 /* TerminalScriptBuilder.swift in Sources */ = {isa = PBXBuildFile; fileRef = 862C35641AF93C23B08464EA /* TerminalScriptBuilder.swift */; };
		A5EF839F85A8C245F0284A5F /* TerminalLaunchError.swift in Sources */ = {isa = PBXBuildFile; fileRef = FAF47B4E44B0A978D4F4FAEC /* TerminalLaunchError.swift */; };
		A761EFCED7FEED751D602E18 /* Cocoa.framework in Frameworks */ = {isa = PBXBuildFile; fileRef = 8C7D6FEE0BB2E3F31340D54E /* Cocoa.framework */; };
		A8FE2EDADC7E704FF7D618CD /* FinderSelection.swift in Sources */ = {isa = PBXBuildFile; fileRef = B6FC3B9BB38C15190C9605E0 /* FinderSelection.swift */; };
		B23CB04A9FE30C5CE9228233 /* SettingsWindow.swift in Sources */ = {isa = PBXBuildFile; fileRef = 175F670D8D30A99E89DE67F9 /* SettingsWindow.swift */; };
		B2D7787ABA0A721025BBAADF /* FinderClickMode.swift in Sources */ = {isa = PBXBuildFile; fileRef = A2E3B631FBAD6CF6CC8FCEDE /* FinderClickMode.swift */; };
		BA8312251112BB08DD4B2E08 /* TerminalAppDetector.swift in Sources */ = {isa = PBXBuildFile; fileRef = 68BD67147DD913391931BAC9 /* TerminalAppDetector.swift */; };
		C0BBADB583AF3AA18DD1DF78 /* SharedSettings.swift in Sources */ = {isa = PBXBuildFile; fileRef = 3968C9D11E0157E3683A8615 /* SharedSettings.swift */; };
		C5A02DC42264616C568A85B3 /* GotoApp.swift in Sources */ = {isa = PBXBuildFile; fileRef = D0E4A5FFACD4A36C58BBF5CF /* GotoApp.swift */; };
		D40CA715B8AC273A02C13565 /* FinderLaunchNotifications.swift in Sources */ = {isa = PBXBuildFile; fileRef = 9D3397DE1A7D2966C94254A1 /* FinderLaunchNotifications.swift */; };
		F150DB5B8422580E04643ABF /* ValidatedDirectory.swift in Sources */ = {isa = PBXBuildFile; fileRef = 134BAC98C51E7FD669CE548F /* ValidatedDirectory.swift */; };
		F832A2E346DA86DE9CEC7E1B /* MenuBarViewModel.swift in Sources */ = {isa = PBXBuildFile; fileRef = BC20AEA1FE6FE4822E2BA87C /* MenuBarViewModel.swift */; };
/* End PBXBuildFile section */

/* Begin PBXContainerItemProxy section */
		5CB8A41F99329E1ECD322B22 /* PBXContainerItemProxy */ = {
			isa = PBXContainerItemProxy;
			containerPortal = E7852C20C28F137E4518FD1C /* Project object */;
			proxyType = 1;
			remoteGlobalIDString = 052D0E9706D23C410A59E9A6;
			remoteInfo = GotoFinderSync;
		};
/* End PBXContainerItemProxy section */

/* Begin PBXCopyFilesBuildPhase section */
		7E6B27F2700C26527439A327 /* Embed App Extensions */ = {
			isa = PBXCopyFilesBuildPhase;
			buildActionMask = 2147483647;
			dstPath = "";
			dstSubfolderSpec = 13;
			files = (
				0CE0548D33D503281F9F061B /* GotoFinderSync.appex in Embed App Extensions */,
			);
			name = "Embed App Extensions";
			runOnlyForDeploymentPostprocessing = 0;
		};
/* End PBXCopyFilesBuildPhase section */

/* Begin PBXFileReference section */
		134BAC98C51E7FD669CE548F /* ValidatedDirectory.swift */ = {isa = PBXFileReference; includeInIndex = 1; lastKnownFileType = sourcecode.swift; name = ValidatedDirectory.swift; path = ../native/Sources/GotoNativeCore/ValidatedDirectory.swift; sourceTree = "<group>"; };
		175F670D8D30A99E89DE67F9 /* SettingsWindow.swift */ = {isa = PBXFileReference; includeInIndex = 1; lastKnownFileType = sourcecode.swift; name = SettingsWindow.swift; path = Goto/SettingsWindow.swift; sourceTree = "<group>"; };
		213E746E1B2699F597B50BC6 /* FinderLaunchBridge.swift */ = {isa = PBXFileReference; includeInIndex = 1; lastKnownFileType = sourcecode.swift; name = FinderLaunchBridge.swift; path = FinderBridge/FinderLaunchBridge.swift; sourceTree = "<group>"; };
		2E9318D58815408E2F8518E8 /* GotoFinderSyncExtension.swift */ = {isa = PBXFileReference; includeInIndex = 1; lastKnownFileType = sourcecode.swift; name = GotoFinderSyncExtension.swift; path = GotoFinderSync/GotoFinderSyncExtension.swift; sourceTree = "<group>"; };
		2F466EDFDA863BCCC6368663 /* RegistryWatcher.swift */ = {isa = PBXFileReference; includeInIndex = 1; lastKnownFileType = sourcecode.swift; name = RegistryWatcher.swift; path = ../native/Sources/GotoNativeCore/RegistryWatcher.swift; sourceTree = "<group>"; };
		3968C9D11E0157E3683A8615 /* SharedSettings.swift */ = {isa = PBXFileReference; includeInIndex = 1; lastKnownFileType = sourcecode.swift; name = SharedSettings.swift; path = ../native/Sources/GotoNativeCore/SharedSettings.swift; sourceTree = "<group>"; };
		68245F50831E1F36BFA54837 /* Goto.app */ = {isa = PBXFileReference; explicitFileType = wrapper.application; includeInIndex = 0; path = Goto.app; sourceTree = BUILT_PRODUCTS_DIR; };
		68BD67147DD913391931BAC9 /* TerminalAppDetector.swift */ = {isa = PBXFileReference; includeInIndex = 1; lastKnownFileType = sourcecode.swift; name = TerminalAppDetector.swift; path = ../native/Sources/GotoNativeCore/TerminalAppDetector.swift; sourceTree = "<group>"; };
		862C35641AF93C23B08464EA /* TerminalScriptBuilder.swift */ = {isa = PBXFileReference; includeInIndex = 1; lastKnownFileType = sourcecode.swift; name = TerminalScriptBuilder.swift; path = ../native/Sources/GotoNativeCore/TerminalScriptBuilder.swift; sourceTree = "<group>"; };
		8C7D6FEE0BB2E3F31340D54E /* Cocoa.framework */ = {isa = PBXFileReference; lastKnownFileType = wrapper.framework; name = Cocoa.framework; path = Platforms/MacOSX.platform/Developer/SDKs/MacOSX15.0.sdk/System/Library/Frameworks/Cocoa.framework; sourceTree = DEVELOPER_DIR; };
		8FE50DBA0ACF3072B740E8FD /* RegistryStore.swift */ = {isa = PBXFileReference; includeInIndex = 1; lastKnownFileType = sourcecode.swift; name = RegistryStore.swift; path = ../native/Sources/GotoNativeCore/RegistryStore.swift; sourceTree = "<group>"; };
		9D3397DE1A7D2966C94254A1 /* FinderLaunchNotifications.swift */ = {isa = PBXFileReference; includeInIndex = 1; lastKnownFileType = sourcecode.swift; name = FinderLaunchNotifications.swift; path = Shared/FinderLaunchNotifications.swift; sourceTree = "<group>"; };
		9E3A32355163E4A0660E92F5 /* TerminalLaunchRequest.swift */ = {isa = PBXFileReference; includeInIndex = 1; lastKnownFileType = sourcecode.swift; name = TerminalLaunchRequest.swift; path = ../native/Sources/GotoNativeCore/TerminalLaunchRequest.swift; sourceTree = "<group>"; };
		A2E3B631FBAD6CF6CC8FCEDE /* FinderClickMode.swift */ = {isa = PBXFileReference; includeInIndex = 1; lastKnownFileType = sourcecode.swift; name = FinderClickMode.swift; path = ../native/Sources/GotoNativeCore/FinderClickMode.swift; sourceTree = "<group>"; };
		A715F9A7057D2DE9C471E49E /* TerminalLauncher.swift */ = {isa = PBXFileReference; includeInIndex = 1; lastKnownFileType = sourcecode.swift; name = TerminalLauncher.swift; path = ../native/Sources/GotoNativeCore/TerminalLauncher.swift; sourceTree = "<group>"; };
		AA489EF79A0EE43CBF9EDB8A /* TerminalApp.swift */ = {isa = PBXFileReference; includeInIndex = 1; lastKnownFileType = sourcecode.swift; name = TerminalApp.swift; path = ../native/Sources/GotoNativeCore/TerminalApp.swift; sourceTree = "<group>"; };
		ABF7872F8AA09B3DF5E3F2ED /* FinderErrorPresenter.swift */ = {isa = PBXFileReference; includeInIndex = 1; lastKnownFileType = sourcecode.swift; name = FinderErrorPresenter.swift; path = ../native/Sources/GotoNativeCore/FinderErrorPresenter.swift; sourceTree = "<group>"; };
		B6FC3B9BB38C15190C9605E0 /* FinderSelection.swift */ = {isa = PBXFileReference; includeInIndex = 1; lastKnownFileType = sourcecode.swift; name = FinderSelection.swift; path = ../native/Sources/GotoNativeCore/FinderSelection.swift; sourceTree = "<group>"; };
		BC20AEA1FE6FE4822E2BA87C /* MenuBarViewModel.swift */ = {isa = PBXFileReference; includeInIndex = 1; lastKnownFileType = sourcecode.swift; name = MenuBarViewModel.swift; path = Goto/MenuBarViewModel.swift; sourceTree = "<group>"; };
		D0E4A5FFACD4A36C58BBF5CF /* GotoApp.swift */ = {isa = PBXFileReference; includeInIndex = 1; lastKnownFileType = sourcecode.swift; name = GotoApp.swift; path = Goto/GotoApp.swift; sourceTree = "<group>"; };
		D69F288927316A5E559D2171 /* Goto.icns */ = {isa = PBXFileReference; includeInIndex = 1; name = Goto.icns; path = Resources/Goto.icns; sourceTree = "<group>"; };
		DC62854EA247DF0D0A5C1A8B /* FinderLaunchNotifications.swift */ = {isa = PBXFileReference; includeInIndex = 1; lastKnownFileType = sourcecode.swift; name = FinderLaunchNotifications.swift; path = Shared/FinderLaunchNotifications.swift; sourceTree = "<group>"; };
		EB22476559B276E7E2A8F555 /* GotoFinderSync.appex */ = {isa = PBXFileReference; explicitFileType = "wrapper.app-extension"; includeInIndex = 0; path = GotoFinderSync.appex; sourceTree = BUILT_PRODUCTS_DIR; };
		EBCFACB0C473E2AC2D7F0C62 /* FinderClickMode.swift */ = {isa = PBXFileReference; includeInIndex = 1; lastKnownFileType = sourcecode.swift; name = FinderClickMode.swift; path = ../native/Sources/GotoNativeCore/FinderClickMode.swift; sourceTree = "<group>"; };
		EDD12B6E0D8666EFE2614DF0 /* ProjectEntry.swift */ = {isa = PBXFileReference; includeInIndex = 1; lastKnownFileType = sourcecode.swift; name = ProjectEntry.swift; path = ../native/Sources/GotoNativeCore/ProjectEntry.swift; sourceTree = "<group>"; };
		FAF47B4E44B0A978D4F4FAEC /* TerminalLaunchError.swift */ = {isa = PBXFileReference; includeInIndex = 1; lastKnownFileType = sourcecode.swift; name = TerminalLaunchError.swift; path = ../native/Sources/GotoNativeCore/TerminalLaunchError.swift; sourceTree = "<group>"; };
		FBED81C24052E058940344B0 /* FinderSync.framework */ = {isa = PBXFileReference; lastKnownFileType = wrapper.framework; name = FinderSync.framework; path = System/Library/Frameworks/FinderSync.framework; sourceTree = "<group>"; };
/* End PBXFileReference section */

/* Begin PBXFrameworksBuildPhase section */
		09CC88BA4550388E45A95719 /* Frameworks */ = {
			isa = PBXFrameworksBuildPhase;
			buildActionMask = 2147483647;
			files = (
				162233702AC2C5DAE3F8AEA9 /* Cocoa.framework in Frameworks */,
				51AB8A4147116004076B1E2E /* FinderSync.framework in Frameworks */,
			);
			runOnlyForDeploymentPostprocessing = 0;
		};
		997F40110E97EA1B36F9F76E /* Frameworks */ = {
			isa = PBXFrameworksBuildPhase;
			buildActionMask = 2147483647;
			files = (
				A761EFCED7FEED751D602E18 /* Cocoa.framework in Frameworks */,
				3C816EF38F2D9EE275909AD1 /* FinderSync.framework in Frameworks */,
			);
			runOnlyForDeploymentPostprocessing = 0;
		};
/* End PBXFrameworksBuildPhase section */

/* Begin PBXGroup section */
		2EF555774FA44FAD200E275E /* NativeCore */ = {
			isa = PBXGroup;
			children = (
				EDD12B6E0D8666EFE2614DF0 /* ProjectEntry.swift */,
				8FE50DBA0ACF3072B740E8FD /* RegistryStore.swift */,
				134BAC98C51E7FD669CE548F /* ValidatedDirectory.swift */,
				B6FC3B9BB38C15190C9605E0 /* FinderSelection.swift */,
				ABF7872F8AA09B3DF5E3F2ED /* FinderErrorPresenter.swift */,
				862C35641AF93C23B08464EA /* TerminalScriptBuilder.swift */,
				FAF47B4E44B0A978D4F4FAEC /* TerminalLaunchError.swift */,
				9E3A32355163E4A0660E92F5 /* TerminalLaunchRequest.swift */,
				A715F9A7057D2DE9C471E49E /* TerminalLauncher.swift */,
				AA489EF79A0EE43CBF9EDB8A /* TerminalApp.swift */,
				68BD67147DD913391931BAC9 /* TerminalAppDetector.swift */,
				2F466EDFDA863BCCC6368663 /* RegistryWatcher.swift */,
				EBCFACB0C473E2AC2D7F0C62 /* FinderClickMode.swift */,
				3968C9D11E0157E3683A8615 /* SharedSettings.swift */,
				A2E3B631FBAD6CF6CC8FCEDE /* FinderClickMode.swift */,
			);
			name = NativeCore;
			sourceTree = "<group>";
		};
		7AF45567CD40F9C6EAC26268 /* Goto */ = {
			isa = PBXGroup;
			children = (
				D0E4A5FFACD4A36C58BBF5CF /* GotoApp.swift */,
				BC20AEA1FE6FE4822E2BA87C /* MenuBarViewModel.swift */,
				175F670D8D30A99E89DE67F9 /* SettingsWindow.swift */,
			);
			name = Goto;
			sourceTree = "<group>";
		};
		7E5BEEACF01EDDB845D482F5 /* Frameworks */ = {
			isa = PBXGroup;
			children = (
				9BDA67CD75F6E1612F968A80 /* OS X */,
				FBED81C24052E058940344B0 /* FinderSync.framework */,
			);
			name = Frameworks;
			sourceTree = "<group>";
		};
		98BFA2E819B9145EBAD8C8FD /* Resources */ = {
			isa = PBXGroup;
			children = (
				D69F288927316A5E559D2171 /* Goto.icns */,
			);
			name = Resources;
			sourceTree = "<group>";
		};
		9BDA67CD75F6E1612F968A80 /* OS X */ = {
			isa = PBXGroup;
			children = (
				8C7D6FEE0BB2E3F31340D54E /* Cocoa.framework */,
			);
			name = "OS X";
			sourceTree = "<group>";
		};
		A8534AB4C3D1FDC16ED02BD6 /* FinderBridge */ = {
			isa = PBXGroup;
			children = (
				213E746E1B2699F597B50BC6 /* FinderLaunchBridge.swift */,
			);
			name = FinderBridge;
			sourceTree = "<group>";
		};
		C3546A492DFB4F62E54E7A19 /* GotoFinderSync */ = {
			isa = PBXGroup;
			children = (
				2E9318D58815408E2F8518E8 /* GotoFinderSyncExtension.swift */,
			);
			name = GotoFinderSync;
			sourceTree = "<group>";
		};
		E1663DE94274319C287DEB0B /* Shared */ = {
			isa = PBXGroup;
			children = (
				DC62854EA247DF0D0A5C1A8B /* FinderLaunchNotifications.swift */,
				9D3397DE1A7D2966C94254A1 /* FinderLaunchNotifications.swift */,
			);
			name = Shared;
			sourceTree = "<group>";
		};
		E17AD1424262EA126507D4BF = {
			isa = PBXGroup;
			children = (
				EF474539EACCE63319F94736 /* Products */,
				7E5BEEACF01EDDB845D482F5 /* Frameworks */,
				7AF45567CD40F9C6EAC26268 /* Goto */,
				A8534AB4C3D1FDC16ED02BD6 /* FinderBridge */,
				C3546A492DFB4F62E54E7A19 /* GotoFinderSync */,
				E1663DE94274319C287DEB0B /* Shared */,
				2EF555774FA44FAD200E275E /* NativeCore */,
				98BFA2E819B9145EBAD8C8FD /* Resources */,
			);
			sourceTree = "<group>";
		};
		EF474539EACCE63319F94736 /* Products */ = {
			isa = PBXGroup;
			children = (
				68245F50831E1F36BFA54837 /* Goto.app */,
				EB22476559B276E7E2A8F555 /* GotoFinderSync.appex */,
			);
			name = Products;
			sourceTree = "<group>";
		};
/* End PBXGroup section */

/* Begin PBXNativeTarget section */
		052D0E9706D23C410A59E9A6 /* GotoFinderSync */ = {
			isa = PBXNativeTarget;
			buildConfigurationList = B9846AA7201E97C1A0388B5C /* Build configuration list for PBXNativeTarget "GotoFinderSync" */;
			buildPhases = (
				B73918886AC646A02F937AB6 /* Sources */,
				09CC88BA4550388E45A95719 /* Frameworks */,
				25DF6932BDCCA245C17DB176 /* Resources */,
			);
			buildRules = (
			);
			dependencies = (
			);
			name = GotoFinderSync;
			productName = GotoFinderSync;
			productReference = EB22476559B276E7E2A8F555 /* GotoFinderSync.appex */;
			productType = "com.apple.product-type.app-extension";
		};
		5A8A7B036ED00104F15E3B0D /* Goto */ = {
			isa = PBXNativeTarget;
			buildConfigurationList = F8500CA52543951894D19B07 /* Build configuration list for PBXNativeTarget "Goto" */;
			buildPhases = (
				6A53F6DD148936F766B42AC5 /* Sources */,
				997F40110E97EA1B36F9F76E /* Frameworks */,
				A3E70410FEFE31C5315EECB8 /* Resources */,
				7E6B27F2700C26527439A327 /* Embed App Extensions */,
			);
			buildRules = (
			);
			dependencies = (
				AE8D51F568CB7E9B7045C84A /* PBXTargetDependency */,
			);
			name = Goto;
			productName = Goto;
			productReference = 68245F50831E1F36BFA54837 /* Goto.app */;
			productType = "com.apple.product-type.application";
		};
/* End PBXNativeTarget section */

/* Begin PBXProject section */
		E7852C20C28F137E4518FD1C /* Project object */ = {
			isa = PBXProject;
			attributes = {
				LastSwiftUpdateCheck = 1600;
				LastUpgradeCheck = 1520;
				TargetAttributes = {
					052D0E9706D23C410A59E9A6 = {
					};
					5A8A7B036ED00104F15E3B0D = {
					};
				};
			};
			buildConfigurationList = F1C0CC45E4B502E440EDCE3E /* Build configuration list for PBXProject "Goto" */;
			compatibilityVersion = "Xcode 3.2";
			developmentRegion = en;
			hasScannedForEncodings = 0;
			knownRegions = (
				en,
				Base,
			);
			mainGroup = E17AD1424262EA126507D4BF;
			minimizedProjectReferenceProxies = 0;
			preferredProjectObjectVersion = 77;
			productRefGroup = EF474539EACCE63319F94736 /* Products */;
			projectDirPath = "";
			projectRoot = "";
			targets = (
				5A8A7B036ED00104F15E3B0D /* Goto */,
				052D0E9706D23C410A59E9A6 /* GotoFinderSync */,
			);
		};
/* End PBXProject section */

/* Begin PBXResourcesBuildPhase section */
		25DF6932BDCCA245C17DB176 /* Resources */ = {
			isa = PBXResourcesBuildPhase;
			buildActionMask = 2147483647;
			files = (
			);
			runOnlyForDeploymentPostprocessing = 0;
		};
		A3E70410FEFE31C5315EECB8 /* Resources */ = {
			isa = PBXResourcesBuildPhase;
			buildActionMask = 2147483647;
			files = (
				4BAAB0FCD2F3E6E429083978 /* Goto.icns in Resources */,
			);
			runOnlyForDeploymentPostprocessing = 0;
		};
/* End PBXResourcesBuildPhase section */

/* Begin PBXSourcesBuildPhase section */
		6A53F6DD148936F766B42AC5 /* Sources */ = {
			isa = PBXSourcesBuildPhase;
			buildActionMask = 2147483647;
			files = (
				C5A02DC42264616C568A85B3 /* GotoApp.swift in Sources */,
				F832A2E346DA86DE9CEC7E1B /* MenuBarViewModel.swift in Sources */,
				B23CB04A9FE30C5CE9228233 /* SettingsWindow.swift in Sources */,
				5146DEACA45DE43640C390AA /* FinderLaunchBridge.swift in Sources */,
				643FE05C8FB77C4FA2F8924D /* FinderLaunchNotifications.swift in Sources */,
				6B7D51EC583D2EDD27F950AF /* ProjectEntry.swift in Sources */,
				734046AACBC75FE02CC4C5CE /* RegistryStore.swift in Sources */,
				F150DB5B8422580E04643ABF /* ValidatedDirectory.swift in Sources */,
				A8FE2EDADC7E704FF7D618CD /* FinderSelection.swift in Sources */,
				18EF4B2DCC28A9F2773642F7 /* FinderErrorPresenter.swift in Sources */,
				86DF3C85D5B9A5DF58004A44 /* TerminalScriptBuilder.swift in Sources */,
				A5EF839F85A8C245F0284A5F /* TerminalLaunchError.swift in Sources */,
				7253A7A22ED6D20CF0E9AC61 /* TerminalLaunchRequest.swift in Sources */,
				83944BF2F2DCCB4BBFE7D1FE /* TerminalLauncher.swift in Sources */,
				36AC6F5403934DC973348E15 /* TerminalApp.swift in Sources */,
				BA8312251112BB08DD4B2E08 /* TerminalAppDetector.swift in Sources */,
				50227A286A73468B39A9E9CE /* RegistryWatcher.swift in Sources */,
				4F4D74951AF6F6BB5010CC0C /* FinderClickMode.swift in Sources */,
				C0BBADB583AF3AA18DD1DF78 /* SharedSettings.swift in Sources */,
			);
			runOnlyForDeploymentPostprocessing = 0;
		};
		B73918886AC646A02F937AB6 /* Sources */ = {
			isa = PBXSourcesBuildPhase;
			buildActionMask = 2147483647;
			files = (
				14C32AFD0063EFCCC4261023 /* GotoFinderSyncExtension.swift in Sources */,
				D40CA715B8AC273A02C13565 /* FinderLaunchNotifications.swift in Sources */,
				B2D7787ABA0A721025BBAADF /* FinderClickMode.swift in Sources */,
			);
			runOnlyForDeploymentPostprocessing = 0;
		};
/* End PBXSourcesBuildPhase section */

/* Begin PBXTargetDependency section */
		AE8D51F568CB7E9B7045C84A /* PBXTargetDependency */ = {
			isa = PBXTargetDependency;
			name = GotoFinderSync;
			target = 052D0E9706D23C410A59E9A6 /* GotoFinderSync */;
			targetProxy = 5CB8A41F99329E1ECD322B22 /* PBXContainerItemProxy */;
		};
/* End PBXTargetDependency section */

/* Begin XCBuildConfiguration section */
		4906277F58C1B7E217413154 /* Debug */ = {
			isa = XCBuildConfiguration;
			buildSettings = {
				APPLICATION_EXTENSION_API_ONLY = YES;
				CODE_SIGN_ENTITLEMENTS = GotoFinderSync/GotoFinderSync.entitlements;
				CODE_SIGN_IDENTITY = "-";
				CODE_SIGN_STYLE = Manual;
				CURRENT_PROJECT_VERSION = 0.0.3;
				GENERATE_INFOPLIST_FILE = NO;
				INFOPLIST_FILE = GotoFinderSync/Info.plist;
				LD_RUNPATH_SEARCH_PATHS = "$(inherited) @executable_path/../../Frameworks @executable_path/../../PlugIns";
				MACOSX_DEPLOYMENT_TARGET = 13.0;
				MARKETING_VERSION = 0.0.3;
				PRODUCT_BUNDLE_IDENTIFIER = dev.goto.finder.findersync;
				PRODUCT_NAME = GotoFinderSync;
				SDKROOT = macosx;
				SKIP_INSTALL = YES;
				SWIFT_VERSION = 5.0;
			};
			name = Debug;
		};
		68BD75DCEB0255BF0743F0DE /* Debug */ = {
			isa = XCBuildConfiguration;
			buildSettings = {
				ALWAYS_EMBED_SWIFT_STANDARD_LIBRARIES = YES;
				ASSETCATALOG_COMPILER_APPICON_NAME = AppIcon;
				ASSETCATALOG_COMPILER_GLOBAL_ACCENT_COLOR_NAME = AccentColor;
				CODE_SIGN_IDENTITY = "-";
				CODE_SIGN_STYLE = Manual;
				COMBINE_HIDPI_IMAGES = YES;
				CURRENT_PROJECT_VERSION = 0.0.3;
				GENERATE_INFOPLIST_FILE = NO;
				INFOPLIST_FILE = Goto/Info.plist;
				LD_RUNPATH_SEARCH_PATHS = "$(inherited) @executable_path/../Frameworks @executable_path/../PlugIns";
				MACOSX_DEPLOYMENT_TARGET = 13.0;
				MARKETING_VERSION = 0.0.3;
				PRODUCT_BUNDLE_IDENTIFIER = dev.goto.finder;
				PRODUCT_NAME = Goto;
				SDKROOT = macosx;
				SWIFT_VERSION = 5.0;
			};
			name = Debug;
		};
		7127A0CB6F9823F67C5E890C /* Debug */ = {
			isa = XCBuildConfiguration;
			buildSettings = {
				ALWAYS_SEARCH_USER_PATHS = NO;
				CLANG_ANALYZER_NONNULL = YES;
				CLANG_ANALYZER_NUMBER_OBJECT_CONVERSION = YES_AGGRESSIVE;
				CLANG_CXX_LANGUAGE_STANDARD = "gnu++14";
				CLANG_CXX_LIBRARY = "libc++";
				CLANG_ENABLE_MODULES = YES;
				CLANG_ENABLE_OBJC_ARC = YES;
				CLANG_ENABLE_OBJC_WEAK = YES;
				CLANG_WARN_BLOCK_CAPTURE_AUTORELEASING = YES;
				CLANG_WARN_BOOL_CONVERSION = YES;
				CLANG_WARN_COMMA = YES;
				CLANG_WARN_CONSTANT_CONVERSION = YES;
				CLANG_WARN_DEPRECATED_OBJC_IMPLEMENTATIONS = YES;
				CLANG_WARN_DIRECT_OBJC_ISA_USAGE = YES_ERROR;
				CLANG_WARN_DOCUMENTATION_COMMENTS = YES;
				CLANG_WARN_EMPTY_BODY = YES;
				CLANG_WARN_ENUM_CONVERSION = YES;
				CLANG_WARN_INFINITE_RECURSION = YES;
				CLANG_WARN_INT_CONVERSION = YES;
				CLANG_WARN_NON_LITERAL_NULL_CONVERSION = YES;
				CLANG_WARN_OBJC_IMPLICIT_RETAIN_SELF = YES;
				CLANG_WARN_OBJC_LITERAL_CONVERSION = YES;
				CLANG_WARN_OBJC_ROOT_CLASS = YES_ERROR;
				CLANG_WARN_QUOTED_INCLUDE_IN_FRAMEWORK_HEADER = YES;
				CLANG_WARN_RANGE_LOOP_ANALYSIS = YES;
				CLANG_WARN_STRICT_PROTOTYPES = YES;
				CLANG_WARN_SUSPICIOUS_MOVE = YES;
				CLANG_WARN_UNGUARDED_AVAILABILITY = YES_AGGRESSIVE;
				CLANG_WARN_UNREACHABLE_CODE = YES;
				CLANG_WARN__DUPLICATE_METHOD_MATCH = YES;
				COPY_PHASE_STRIP = NO;
				DEBUG_INFORMATION_FORMAT = dwarf;
				ENABLE_STRICT_OBJC_MSGSEND = YES;
				ENABLE_TESTABILITY = YES;
				GCC_C_LANGUAGE_STANDARD = gnu11;
				GCC_DYNAMIC_NO_PIC = NO;
				GCC_NO_COMMON_BLOCKS = YES;
				GCC_OPTIMIZATION_LEVEL = 0;
				GCC_PREPROCESSOR_DEFINITIONS = (
					"DEBUG=1",
					"$(inherited)",
				);
				GCC_WARN_64_TO_32_BIT_CONVERSION = YES;
				GCC_WARN_ABOUT_RETURN_TYPE = YES_ERROR;
				GCC_WARN_UNDECLARED_SELECTOR = YES;
				GCC_WARN_UNINITIALIZED_AUTOS = YES_AGGRESSIVE;
				GCC_WARN_UNUSED_FUNCTION = YES;
				GCC_WARN_UNUSED_VARIABLE = YES;
				MTL_ENABLE_DEBUG_INFO = INCLUDE_SOURCE;
				MTL_FAST_MATH = YES;
				ONLY_ACTIVE_ARCH = YES;
				PRODUCT_NAME = "$(TARGET_NAME)";
				SWIFT_ACTIVE_COMPILATION_CONDITIONS = DEBUG;
				SWIFT_OPTIMIZATION_LEVEL = "-Onone";
				SWIFT_VERSION = 5.0;
			};
			name = Debug;
		};
		8BA8E3E049AA1F6440B2C34F /* Release */ = {
			isa = XCBuildConfiguration;
			buildSettings = {
				ALWAYS_SEARCH_USER_PATHS = NO;
				CLANG_ANALYZER_NONNULL = YES;
				CLANG_ANALYZER_NUMBER_OBJECT_CONVERSION = YES_AGGRESSIVE;
				CLANG_CXX_LANGUAGE_STANDARD = "gnu++14";
				CLANG_CXX_LIBRARY = "libc++";
				CLANG_ENABLE_MODULES = YES;
				CLANG_ENABLE_OBJC_ARC = YES;
				CLANG_ENABLE_OBJC_WEAK = YES;
				CLANG_WARN_BLOCK_CAPTURE_AUTORELEASING = YES;
				CLANG_WARN_BOOL_CONVERSION = YES;
				CLANG_WARN_COMMA = YES;
				CLANG_WARN_CONSTANT_CONVERSION = YES;
				CLANG_WARN_DEPRECATED_OBJC_IMPLEMENTATIONS = YES;
				CLANG_WARN_DIRECT_OBJC_ISA_USAGE = YES_ERROR;
				CLANG_WARN_DOCUMENTATION_COMMENTS = YES;
				CLANG_WARN_EMPTY_BODY = YES;
				CLANG_WARN_ENUM_CONVERSION = YES;
				CLANG_WARN_INFINITE_RECURSION = YES;
				CLANG_WARN_INT_CONVERSION = YES;
				CLANG_WARN_NON_LITERAL_NULL_CONVERSION = YES;
				CLANG_WARN_OBJC_IMPLICIT_RETAIN_SELF = YES;
				CLANG_WARN_OBJC_LITERAL_CONVERSION = YES;
				CLANG_WARN_OBJC_ROOT_CLASS = YES_ERROR;
				CLANG_WARN_QUOTED_INCLUDE_IN_FRAMEWORK_HEADER = YES;
				CLANG_WARN_RANGE_LOOP_ANALYSIS = YES;
				CLANG_WARN_STRICT_PROTOTYPES = YES;
				CLANG_WARN_SUSPICIOUS_MOVE = YES;
				CLANG_WARN_UNGUARDED_AVAILABILITY = YES_AGGRESSIVE;
				CLANG_WARN_UNREACHABLE_CODE = YES;
				CLANG_WARN__DUPLICATE_METHOD_MATCH = YES;
				COPY_PHASE_STRIP = NO;
				DEBUG_INFORMATION_FORMAT = "dwarf-with-dsym";
				ENABLE_NS_ASSERTIONS = NO;
				ENABLE_STRICT_OBJC_MSGSEND = YES;
				GCC_C_LANGUAGE_STANDARD = gnu11;
				GCC_NO_COMMON_BLOCKS = YES;
				GCC_WARN_64_TO_32_BIT_CONVERSION = YES;
				GCC_WARN_ABOUT_RETURN_TYPE = YES_ERROR;
				GCC_WARN_UNDECLARED_SELECTOR = YES;
				GCC_WARN_UNINITIALIZED_AUTOS = YES_AGGRESSIVE;
				GCC_WARN_UNUSED_FUNCTION = YES;
				GCC_WARN_UNUSED_VARIABLE = YES;
				MTL_ENABLE_DEBUG_INFO = NO;
				MTL_FAST_MATH = YES;
				PRODUCT_NAME = "$(TARGET_NAME)";
				SWIFT_COMPILATION_MODE = wholemodule;
				SWIFT_OPTIMIZATION_LEVEL = "-O";
				SWIFT_VERSION = 5.0;
			};
			name = Release;
		};
		91FEFE44F7BE939E50E4C937 /* Release */ = {
			isa = XCBuildConfiguration;
			buildSettings = {
				APPLICATION_EXTENSION_API_ONLY = YES;
				CODE_SIGN_ENTITLEMENTS = GotoFinderSync/GotoFinderSync.entitlements;
				CODE_SIGN_IDENTITY = "-";
				CODE_SIGN_STYLE = Manual;
				CURRENT_PROJECT_VERSION = 0.0.3;
				GENERATE_INFOPLIST_FILE = NO;
				INFOPLIST_FILE = GotoFinderSync/Info.plist;
				LD_RUNPATH_SEARCH_PATHS = "$(inherited) @executable_path/../../Frameworks @executable_path/../../PlugIns";
				MACOSX_DEPLOYMENT_TARGET = 13.0;
				MARKETING_VERSION = 0.0.3;
				PRODUCT_BUNDLE_IDENTIFIER = dev.goto.finder.findersync;
				PRODUCT_NAME = GotoFinderSync;
				SDKROOT = macosx;
				SKIP_INSTALL = YES;
				SWIFT_VERSION = 5.0;
			};
			name = Release;
		};
		E3D78B791257CED6F3012161 /* Release */ = {
			isa = XCBuildConfiguration;
			buildSettings = {
				ALWAYS_EMBED_SWIFT_STANDARD_LIBRARIES = YES;
				ASSETCATALOG_COMPILER_APPICON_NAME = AppIcon;
				ASSETCATALOG_COMPILER_GLOBAL_ACCENT_COLOR_NAME = AccentColor;
				CODE_SIGN_IDENTITY = "-";
				CODE_SIGN_STYLE = Manual;
				COMBINE_HIDPI_IMAGES = YES;
				CURRENT_PROJECT_VERSION = 0.0.3;
				GENERATE_INFOPLIST_FILE = NO;
				INFOPLIST_FILE = Goto/Info.plist;
				LD_RUNPATH_SEARCH_PATHS = "$(inherited) @executable_path/../Frameworks @executable_path/../PlugIns";
				MACOSX_DEPLOYMENT_TARGET = 13.0;
				MARKETING_VERSION = 0.0.3;
				PRODUCT_BUNDLE_IDENTIFIER = dev.goto.finder;
				PRODUCT_NAME = Goto;
				SDKROOT = macosx;
				SWIFT_VERSION = 5.0;
			};
			name = Release;
		};
/* End XCBuildConfiguration section */

/* Begin XCConfigurationList section */
		B9846AA7201E97C1A0388B5C /* Build configuration list for PBXNativeTarget "GotoFinderSync" */ = {
			isa = XCConfigurationList;
			buildConfigurations = (
				91FEFE44F7BE939E50E4C937 /* Release */,
				4906277F58C1B7E217413154 /* Debug */,
			);
			defaultConfigurationIsVisible = 0;
			defaultConfigurationName = Release;
		};
		F1C0CC45E4B502E440EDCE3E /* Build configuration list for PBXProject "Goto" */ = {
			isa = XCConfigurationList;
			buildConfigurations = (
				7127A0CB6F9823F67C5E890C /* Debug */,
				8BA8E3E049AA1F6440B2C34F /* Release */,
			);
			defaultConfigurationIsVisible = 0;
			defaultConfigurationName = Release;
		};
		F8500CA52543951894D19B07 /* Build configuration list for PBXNativeTarget "Goto" */ = {
			isa = XCConfigurationList;
			buildConfigurations = (
				E3D78B791257CED6F3012161 /* Release */,
				68BD75DCEB0255BF0743F0DE /* Debug */,
			);
			defaultConfigurationIsVisible = 0;
			defaultConfigurationName = Release;
		};
/* End XCConfigurationList section */
	};
	rootObject = E7852C20C28F137E4518FD1C /* Project object */;
}
