// !$*UTF8*$!
{
	archiveVersion = 1;
	classes = {
	};
	objectVersion = 46;
	objects = {

/* Begin PBXBuildFile section */
		05509BC6521A302E88809B7F /* FinderLaunchNotifications.swift in Sources */ = {isa = PBXBuildFile; fileRef = 058664A4944C95234547E368 /* FinderLaunchNotifications.swift */; };
		10981E1FD90C1A5A81A9BBE4 /* TerminalApp.swift in Sources */ = {isa = PBXBuildFile; fileRef = C71E1728029676ACB90BE424 /* TerminalApp.swift */; };
		16ACC24DDA3EF15B7DBDCA73 /* Goto.icns in Resources */ = {isa = PBXBuildFile; fileRef = 1780D77ECC42A2B7E0FD32A0 /* Goto.icns */; };
		182C9A04B6360F466EA830F5 /* TerminalLaunchRequest.swift in Sources */ = {isa = PBXBuildFile; fileRef = 55EB723B3B473048BCDC9788 /* TerminalLaunchRequest.swift */; };
		3149A99409FAA7405F99BA49 /* MenuBarViewModel.swift in Sources */ = {isa = PBXBuildFile; fileRef = 79A55E07BA63780C5145FE87 /* MenuBarViewModel.swift */; };
		3BA9221B40734545B2A0B34B /* ProjectEntry.swift in Sources */ = {isa = PBXBuildFile; fileRef = 5E669B4C9961CA0A968C7B2F /* ProjectEntry.swift */; };
		3CD045A6D6894A5C21F9EDDE /* TerminalAppDetector.swift in Sources */ = {isa = PBXBuildFile; fileRef = BBA19CFB665E0A423E77D0B4 /* TerminalAppDetector.swift */; };
		3F6F4A2DD7089DAADB82A271 /* SharedSettings.swift in Sources */ = {isa = PBXBuildFile; fileRef = 8EBA7CAE7FBBA62A81FAE1B9 /* SharedSettings.swift */; };
		42A60D3CC43E596786C6D87D /* GotoApp.swift in Sources */ = {isa = PBXBuildFile; fileRef = 4EF5106E5770D1285DD31ECE /* GotoApp.swift */; };
		532DE5BEF072706C78FEF864 /* RegistryWatcher.swift in Sources */ = {isa = PBXBuildFile; fileRef = 926FC97D11F4D74BE7E05716 /* RegistryWatcher.swift */; };
		5DAED780552A92967F3F2850 /* TerminalScriptBuilder.swift in Sources */ = {isa = PBXBuildFile; fileRef = 52132325910F14E0B12789F7 /* TerminalScriptBuilder.swift */; };
		6CC1A2A57C33A9CDF10A8A87 /* Cocoa.framework in Frameworks */ = {isa = PBXBuildFile; fileRef = E390A1E283D2DEB4C54F1D6B /* Cocoa.framework */; };
		7866B31597B11C086761A0FB /* Cocoa.framework in Frameworks */ = {isa = PBXBuildFile; fileRef = E390A1E283D2DEB4C54F1D6B /* Cocoa.framework */; };
		7BFCA77F90D5481A393D17A5 /* TerminalLauncher.swift in Sources */ = {isa = PBXBuildFile; fileRef = 80B3511089CBFDC05CABCDF6 /* TerminalLauncher.swift */; };
		8BE3953A25A60ADD8CE927B3 /* RegistryStore.swift in Sources */ = {isa = PBXBuildFile; fileRef = 7EABE91673EE5A14A83F1245 /* RegistryStore.swift */; };
		8E2F6C65E85D83CD85FBD249 /* GotoFinderSyncExtension.swift in Sources */ = {isa = PBXBuildFile; fileRef = 220368BFDC4AAAC123DCB293 /* GotoFinderSyncExtension.swift */; };
		91355FECD26CBB4AC2DE30EF /* FinderClickMode.swift in Sources */ = {isa = PBXBuildFile; fileRef = 0BF2BB66C38D1D5609D7095F /* FinderClickMode.swift */; };
		9190B60710412D7FD3659E15 /* FinderErrorPresenter.swift in Sources */ = {isa = PBXBuildFile; fileRef = 19C648EF5C4BC5B488456809 /* FinderErrorPresenter.swift */; };
		9DACEE8BA742C1A28CCB1903 /* SettingsWindow.swift in Sources */ = {isa = PBXBuildFile; fileRef = 67206425747B53AEF3C864F7 /* SettingsWindow.swift */; };
		AFCC1DCCC119FD3876BBFABC /* TerminalLaunchError.swift in Sources */ = {isa = PBXBuildFile; fileRef = AB3FCA4FDDE7DB3D8BF39517 /* TerminalLaunchError.swift */; };
		BB851E4B6D13B6F41846D012 /* ValidatedDirectory.swift in Sources */ = {isa = PBXBuildFile; fileRef = 9FE156EB72344FA7942031AE /* ValidatedDirectory.swift */; };
		C39DC5B06AED8B0092A99AE3 /* FinderLaunchNotifications.swift in Sources */ = {isa = PBXBuildFile; fileRef = 312FC50E2A2089C66242244E /* FinderLaunchNotifications.swift */; };
		C523CBE97C7B75D3DC79342D /* GotoFinderSync.appex in Embed App Extensions */ = {isa = PBXBuildFile; fileRef = 3857DD5671A53880D7D70B1A /* GotoFinderSync.appex */; settings = {ATTRIBUTES = (RemoveHeadersOnCopy, CodeSignOnCopy, ); }; };
		C7987471BC1C451CB721AD05 /* FinderLaunchBridge.swift in Sources */ = {isa = PBXBuildFile; fileRef = E7BE56DDFDDF8EF511AFA00C /* FinderLaunchBridge.swift */; };
		CCDBD0F3F8972A63D554FF92 /* FinderSync.framework in Frameworks */ = {isa = PBXBuildFile; fileRef = 1698EDE7495DEF2DBF40D2B7 /* FinderSync.framework */; };
		DD2A4D3B84E9C32D09F03639 /* FinderSync.framework in Frameworks */ = {isa = PBXBuildFile; fileRef = 1698EDE7495DEF2DBF40D2B7 /* FinderSync.framework */; };
		EA2E29490133487FB9419707 /* FinderClickMode.swift in Sources */ = {isa = PBXBuildFile; fileRef = 0C46C6D3E64FEB2DAD1AD7D6 /* FinderClickMode.swift */; };
		F85385D717EEB6F2F7D86DC4 /* FinderSelection.swift in Sources */ = {isa = PBXBuildFile; fileRef = 568CA42C47B0C9BABAEC7CBA /* FinderSelection.swift */; };
/* End PBXBuildFile section */

/* Begin PBXContainerItemProxy section */
		5B1BAB03B53950D9F9423A7B /* PBXContainerItemProxy */ = {
			isa = PBXContainerItemProxy;
			containerPortal = EDEC74D2421C81E653619D75 /* Project object */;
			proxyType = 1;
			remoteGlobalIDString = F5635F13008BB6137AE56152;
			remoteInfo = GotoFinderSync;
		};
/* End PBXContainerItemProxy section */

/* Begin PBXCopyFilesBuildPhase section */
		945C57E955CE7625312F7F3B /* Embed App Extensions */ = {
			isa = PBXCopyFilesBuildPhase;
			buildActionMask = 2147483647;
			dstPath = "";
			dstSubfolderSpec = 13;
			files = (
				C523CBE97C7B75D3DC79342D /* GotoFinderSync.appex in Embed App Extensions */,
			);
			name = "Embed App Extensions";
			runOnlyForDeploymentPostprocessing = 0;
		};
/* End PBXCopyFilesBuildPhase section */

/* Begin PBXFileReference section */
		058664A4944C95234547E368 /* FinderLaunchNotifications.swift */ = {isa = PBXFileReference; includeInIndex = 1; lastKnownFileType = sourcecode.swift; name = FinderLaunchNotifications.swift; path = Shared/FinderLaunchNotifications.swift; sourceTree = "<group>"; };
		0BF2BB66C38D1D5609D7095F /* FinderClickMode.swift */ = {isa = PBXFileReference; includeInIndex = 1; lastKnownFileType = sourcecode.swift; name = FinderClickMode.swift; path = ../native/Sources/GotoNativeCore/FinderClickMode.swift; sourceTree = "<group>"; };
		0C46C6D3E64FEB2DAD1AD7D6 /* FinderClickMode.swift */ = {isa = PBXFileReference; includeInIndex = 1; lastKnownFileType = sourcecode.swift; name = FinderClickMode.swift; path = ../native/Sources/GotoNativeCore/FinderClickMode.swift; sourceTree = "<group>"; };
		1698EDE7495DEF2DBF40D2B7 /* FinderSync.framework */ = {isa = PBXFileReference; lastKnownFileType = wrapper.framework; name = FinderSync.framework; path = System/Library/Frameworks/FinderSync.framework; sourceTree = "<group>"; };
		1780D77ECC42A2B7E0FD32A0 /* Goto.icns */ = {isa = PBXFileReference; includeInIndex = 1; name = Goto.icns; path = Resources/Goto.icns; sourceTree = "<group>"; };
		19C648EF5C4BC5B488456809 /* FinderErrorPresenter.swift */ = {isa = PBXFileReference; includeInIndex = 1; lastKnownFileType = sourcecode.swift; name = FinderErrorPresenter.swift; path = ../native/Sources/GotoNativeCore/FinderErrorPresenter.swift; sourceTree = "<group>"; };
		220368BFDC4AAAC123DCB293 /* GotoFinderSyncExtension.swift */ = {isa = PBXFileReference; includeInIndex = 1; lastKnownFileType = sourcecode.swift; name = GotoFinderSyncExtension.swift; path = GotoFinderSync/GotoFinderSyncExtension.swift; sourceTree = "<group>"; };
		312FC50E2A2089C66242244E /* FinderLaunchNotifications.swift */ = {isa = PBXFileReference; includeInIndex = 1; lastKnownFileType = sourcecode.swift; name = FinderLaunchNotifications.swift; path = Shared/FinderLaunchNotifications.swift; sourceTree = "<group>"; };
		3857DD5671A53880D7D70B1A /* GotoFinderSync.appex */ = {isa = PBXFileReference; explicitFileType = "wrapper.app-extension"; includeInIndex = 0; path = GotoFinderSync.appex; sourceTree = BUILT_PRODUCTS_DIR; };
		4EF5106E5770D1285DD31ECE /* GotoApp.swift */ = {isa = PBXFileReference; includeInIndex = 1; lastKnownFileType = sourcecode.swift; name = GotoApp.swift; path = Goto/GotoApp.swift; sourceTree = "<group>"; };
		52132325910F14E0B12789F7 /* TerminalScriptBuilder.swift */ = {isa = PBXFileReference; includeInIndex = 1; lastKnownFileType = sourcecode.swift; name = TerminalScriptBuilder.swift; path = ../native/Sources/GotoNativeCore/TerminalScriptBuilder.swift; sourceTree = "<group>"; };
		55EB723B3B473048BCDC9788 /* TerminalLaunchRequest.swift */ = {isa = PBXFileReference; includeInIndex = 1; lastKnownFileType = sourcecode.swift; name = TerminalLaunchRequest.swift; path = ../native/Sources/GotoNativeCore/TerminalLaunchRequest.swift; sourceTree = "<group>"; };
		568CA42C47B0C9BABAEC7CBA /* FinderSelection.swift */ = {isa = PBXFileReference; includeInIndex = 1; lastKnownFileType = sourcecode.swift; name = FinderSelection.swift; path = ../native/Sources/GotoNativeCore/FinderSelection.swift; sourceTree = "<group>"; };
		5E669B4C9961CA0A968C7B2F /* ProjectEntry.swift */ = {isa = PBXFileReference; includeInIndex = 1; lastKnownFileType = sourcecode.swift; name = ProjectEntry.swift; path = ../native/Sources/GotoNativeCore/ProjectEntry.swift; sourceTree = "<group>"; };
		67206425747B53AEF3C864F7 /* SettingsWindow.swift */ = {isa = PBXFileReference; includeInIndex = 1; lastKnownFileType = sourcecode.swift; name = SettingsWindow.swift; path = Goto/SettingsWindow.swift; sourceTree = "<group>"; };
		79A55E07BA63780C5145FE87 /* MenuBarViewModel.swift */ = {isa = PBXFileReference; includeInIndex = 1; lastKnownFileType = sourcecode.swift; name = MenuBarViewModel.swift; path = Goto/MenuBarViewModel.swift; sourceTree = "<group>"; };
		7C1F6F45464353BBDA1C3114 /* Goto.app */ = {isa = PBXFileReference; explicitFileType = wrapper.application; includeInIndex = 0; path = Goto.app; sourceTree = BUILT_PRODUCTS_DIR; };
		7EABE91673EE5A14A83F1245 /* RegistryStore.swift */ = {isa = PBXFileReference; includeInIndex = 1; lastKnownFileType = sourcecode.swift; name = RegistryStore.swift; path = ../native/Sources/GotoNativeCore/RegistryStore.swift; sourceTree = "<group>"; };
		80B3511089CBFDC05CABCDF6 /* TerminalLauncher.swift */ = {isa = PBXFileReference; includeInIndex = 1; lastKnownFileType = sourcecode.swift; name = TerminalLauncher.swift; path = ../native/Sources/GotoNativeCore/TerminalLauncher.swift; sourceTree = "<group>"; };
		8EBA7CAE7FBBA62A81FAE1B9 /* SharedSettings.swift */ = {isa = PBXFileReference; includeInIndex = 1; lastKnownFileType = sourcecode.swift; name = SharedSettings.swift; path = ../native/Sources/GotoNativeCore/SharedSettings.swift; sourceTree = "<group>"; };
		926FC97D11F4D74BE7E05716 /* RegistryWatcher.swift */ = {isa = PBXFileReference; includeInIndex = 1; lastKnownFileType = sourcecode.swift; name = RegistryWatcher.swift; path = ../native/Sources/GotoNativeCore/RegistryWatcher.swift; sourceTree = "<group>"; };
		9FE156EB72344FA7942031AE /* ValidatedDirectory.swift */ = {isa = PBXFileReference; includeInIndex = 1; lastKnownFileType = sourcecode.swift; name = ValidatedDirectory.swift; path = ../native/Sources/GotoNativeCore/ValidatedDirectory.swift; sourceTree = "<group>"; };
		AB3FCA4FDDE7DB3D8BF39517 /* TerminalLaunchError.swift */ = {isa = PBXFileReference; includeInIndex = 1; lastKnownFileType = sourcecode.swift; name = TerminalLaunchError.swift; path = ../native/Sources/GotoNativeCore/TerminalLaunchError.swift; sourceTree = "<group>"; };
		BBA19CFB665E0A423E77D0B4 /* TerminalAppDetector.swift */ = {isa = PBXFileReference; includeInIndex = 1; lastKnownFileType = sourcecode.swift; name = TerminalAppDetector.swift; path = ../native/Sources/GotoNativeCore/TerminalAppDetector.swift; sourceTree = "<group>"; };
		C71E1728029676ACB90BE424 /* TerminalApp.swift */ = {isa = PBXFileReference; includeInIndex = 1; lastKnownFileType = sourcecode.swift; name = TerminalApp.swift; path = ../native/Sources/GotoNativeCore/TerminalApp.swift; sourceTree = "<group>"; };
		E390A1E283D2DEB4C54F1D6B /* Cocoa.framework */ = {isa = PBXFileReference; lastKnownFileType = wrapper.framework; name = Cocoa.framework; path = Platforms/MacOSX.platform/Developer/SDKs/MacOSX15.0.sdk/System/Library/Frameworks/Cocoa.framework; sourceTree = DEVELOPER_DIR; };
		E7BE56DDFDDF8EF511AFA00C /* FinderLaunchBridge.swift */ = {isa = PBXFileReference; includeInIndex = 1; lastKnownFileType = sourcecode.swift; name = FinderLaunchBridge.swift; path = GotoFinder/FinderLaunchBridge.swift; sourceTree = "<group>"; };
/* End PBXFileReference section */

/* Begin PBXFrameworksBuildPhase section */
		AD5C5177779012A5BC793062 /* Frameworks */ = {
			isa = PBXFrameworksBuildPhase;
			buildActionMask = 2147483647;
			files = (
				7866B31597B11C086761A0FB /* Cocoa.framework in Frameworks */,
				CCDBD0F3F8972A63D554FF92 /* FinderSync.framework in Frameworks */,
			);
			runOnlyForDeploymentPostprocessing = 0;
		};
		BEF21601459E92801AC23727 /* Frameworks */ = {
			isa = PBXFrameworksBuildPhase;
			buildActionMask = 2147483647;
			files = (
				6CC1A2A57C33A9CDF10A8A87 /* Cocoa.framework in Frameworks */,
				DD2A4D3B84E9C32D09F03639 /* FinderSync.framework in Frameworks */,
			);
			runOnlyForDeploymentPostprocessing = 0;
		};
/* End PBXFrameworksBuildPhase section */

/* Begin PBXGroup section */
		025189AE7A5065872D4EE4B1 /* GotoFinder */ = {
			isa = PBXGroup;
			children = (
				E7BE56DDFDDF8EF511AFA00C /* FinderLaunchBridge.swift */,
			);
			name = GotoFinder;
			sourceTree = "<group>";
		};
		0EE3E88F546E9E36E9C91F10 /* Goto */ = {
			isa = PBXGroup;
			children = (
				4EF5106E5770D1285DD31ECE /* GotoApp.swift */,
				79A55E07BA63780C5145FE87 /* MenuBarViewModel.swift */,
				67206425747B53AEF3C864F7 /* SettingsWindow.swift */,
			);
			name = Goto;
			sourceTree = "<group>";
		};
		46B6A23F55DE21EE2DB3EB5D /* GotoFinderSync */ = {
			isa = PBXGroup;
			children = (
				220368BFDC4AAAC123DCB293 /* GotoFinderSyncExtension.swift */,
			);
			name = GotoFinderSync;
			sourceTree = "<group>";
		};
		4929AE02A8C40F00CE96ADD2 /* NativeCore */ = {
			isa = PBXGroup;
			children = (
				5E669B4C9961CA0A968C7B2F /* ProjectEntry.swift */,
				7EABE91673EE5A14A83F1245 /* RegistryStore.swift */,
				9FE156EB72344FA7942031AE /* ValidatedDirectory.swift */,
				568CA42C47B0C9BABAEC7CBA /* FinderSelection.swift */,
				19C648EF5C4BC5B488456809 /* FinderErrorPresenter.swift */,
				52132325910F14E0B12789F7 /* TerminalScriptBuilder.swift */,
				AB3FCA4FDDE7DB3D8BF39517 /* TerminalLaunchError.swift */,
				55EB723B3B473048BCDC9788 /* TerminalLaunchRequest.swift */,
				80B3511089CBFDC05CABCDF6 /* TerminalLauncher.swift */,
				C71E1728029676ACB90BE424 /* TerminalApp.swift */,
				BBA19CFB665E0A423E77D0B4 /* TerminalAppDetector.swift */,
				926FC97D11F4D74BE7E05716 /* RegistryWatcher.swift */,
				0BF2BB66C38D1D5609D7095F /* FinderClickMode.swift */,
				8EBA7CAE7FBBA62A81FAE1B9 /* SharedSettings.swift */,
				0C46C6D3E64FEB2DAD1AD7D6 /* FinderClickMode.swift */,
			);
			name = NativeCore;
			sourceTree = "<group>";
		};
		515FA2E3646556A445F113F8 = {
			isa = PBXGroup;
			children = (
				B20F67F19069A192541F2B14 /* Products */,
				66E478C4BD5EA518DDFA9B27 /* Frameworks */,
				0EE3E88F546E9E36E9C91F10 /* Goto */,
				025189AE7A5065872D4EE4B1 /* GotoFinder */,
				46B6A23F55DE21EE2DB3EB5D /* GotoFinderSync */,
				F094C68700147C072BD3F9D9 /* Shared */,
				4929AE02A8C40F00CE96ADD2 /* NativeCore */,
				6FA73CA5EF14240FDDCD5CC4 /* Resources */,
			);
			sourceTree = "<group>";
		};
		60833ED21DF3256FED67B05B /* OS X */ = {
			isa = PBXGroup;
			children = (
				E390A1E283D2DEB4C54F1D6B /* Cocoa.framework */,
			);
			name = "OS X";
			sourceTree = "<group>";
		};
		66E478C4BD5EA518DDFA9B27 /* Frameworks */ = {
			isa = PBXGroup;
			children = (
				60833ED21DF3256FED67B05B /* OS X */,
				1698EDE7495DEF2DBF40D2B7 /* FinderSync.framework */,
			);
			name = Frameworks;
			sourceTree = "<group>";
		};
		6FA73CA5EF14240FDDCD5CC4 /* Resources */ = {
			isa = PBXGroup;
			children = (
				1780D77ECC42A2B7E0FD32A0 /* Goto.icns */,
			);
			name = Resources;
			sourceTree = "<group>";
		};
		B20F67F19069A192541F2B14 /* Products */ = {
			isa = PBXGroup;
			children = (
				7C1F6F45464353BBDA1C3114 /* Goto.app */,
				3857DD5671A53880D7D70B1A /* GotoFinderSync.appex */,
			);
			name = Products;
			sourceTree = "<group>";
		};
		F094C68700147C072BD3F9D9 /* Shared */ = {
			isa = PBXGroup;
			children = (
				312FC50E2A2089C66242244E /* FinderLaunchNotifications.swift */,
				058664A4944C95234547E368 /* FinderLaunchNotifications.swift */,
			);
			name = Shared;
			sourceTree = "<group>";
		};
/* End PBXGroup section */

/* Begin PBXNativeTarget section */
		D4D791569CDF6907A6C7AED9 /* Goto */ = {
			isa = PBXNativeTarget;
			buildConfigurationList = 99C48641BB7D115E680C2DB5 /* Build configuration list for PBXNativeTarget "Goto" */;
			buildPhases = (
				0AA68BD8CBA317E65D82F401 /* Sources */,
				AD5C5177779012A5BC793062 /* Frameworks */,
				F948326C2CA94AFC3D556DFC /* Resources */,
				945C57E955CE7625312F7F3B /* Embed App Extensions */,
			);
			buildRules = (
			);
			dependencies = (
				B3B52AF246945C98DC0913F4 /* PBXTargetDependency */,
			);
			name = Goto;
			productName = Goto;
			productReference = 7C1F6F45464353BBDA1C3114 /* Goto.app */;
			productType = "com.apple.product-type.application";
		};
		F5635F13008BB6137AE56152 /* GotoFinderSync */ = {
			isa = PBXNativeTarget;
			buildConfigurationList = A9A1A6B0750717A9662AE78C /* Build configuration list for PBXNativeTarget "GotoFinderSync" */;
			buildPhases = (
				49F10AE9A212FC00E3C5D6A8 /* Sources */,
				BEF21601459E92801AC23727 /* Frameworks */,
				46943867D458DD762542838C /* Resources */,
			);
			buildRules = (
			);
			dependencies = (
			);
			name = GotoFinderSync;
			productName = GotoFinderSync;
			productReference = 3857DD5671A53880D7D70B1A /* GotoFinderSync.appex */;
			productType = "com.apple.product-type.app-extension";
		};
/* End PBXNativeTarget section */

/* Begin PBXProject section */
		EDEC74D2421C81E653619D75 /* Project object */ = {
			isa = PBXProject;
			attributes = {
				LastSwiftUpdateCheck = 1600;
				LastUpgradeCheck = 1520;
				TargetAttributes = {
					D4D791569CDF6907A6C7AED9 = {
					};
					F5635F13008BB6137AE56152 = {
					};
				};
			};
			buildConfigurationList = F4C8CA552D86C4016BDF3A6F /* Build configuration list for PBXProject "Goto" */;
			compatibilityVersion = "Xcode 3.2";
			developmentRegion = en;
			hasScannedForEncodings = 0;
			knownRegions = (
				en,
				Base,
			);
			mainGroup = 515FA2E3646556A445F113F8;
			minimizedProjectReferenceProxies = 0;
			preferredProjectObjectVersion = 77;
			productRefGroup = B20F67F19069A192541F2B14 /* Products */;
			projectDirPath = "";
			projectRoot = "";
			targets = (
				D4D791569CDF6907A6C7AED9 /* Goto */,
				F5635F13008BB6137AE56152 /* GotoFinderSync */,
			);
		};
/* End PBXProject section */

/* Begin PBXResourcesBuildPhase section */
		46943867D458DD762542838C /* Resources */ = {
			isa = PBXResourcesBuildPhase;
			buildActionMask = 2147483647;
			files = (
			);
			runOnlyForDeploymentPostprocessing = 0;
		};
		F948326C2CA94AFC3D556DFC /* Resources */ = {
			isa = PBXResourcesBuildPhase;
			buildActionMask = 2147483647;
			files = (
				16ACC24DDA3EF15B7DBDCA73 /* Goto.icns in Resources */,
			);
			runOnlyForDeploymentPostprocessing = 0;
		};
/* End PBXResourcesBuildPhase section */

/* Begin PBXSourcesBuildPhase section */
		0AA68BD8CBA317E65D82F401 /* Sources */ = {
			isa = PBXSourcesBuildPhase;
			buildActionMask = 2147483647;
			files = (
				42A60D3CC43E596786C6D87D /* GotoApp.swift in Sources */,
				3149A99409FAA7405F99BA49 /* MenuBarViewModel.swift in Sources */,
				9DACEE8BA742C1A28CCB1903 /* SettingsWindow.swift in Sources */,
				C7987471BC1C451CB721AD05 /* FinderLaunchBridge.swift in Sources */,
				C39DC5B06AED8B0092A99AE3 /* FinderLaunchNotifications.swift in Sources */,
				3BA9221B40734545B2A0B34B /* ProjectEntry.swift in Sources */,
				8BE3953A25A60ADD8CE927B3 /* RegistryStore.swift in Sources */,
				BB851E4B6D13B6F41846D012 /* ValidatedDirectory.swift in Sources */,
				F85385D717EEB6F2F7D86DC4 /* FinderSelection.swift in Sources */,
				9190B60710412D7FD3659E15 /* FinderErrorPresenter.swift in Sources */,
				5DAED780552A92967F3F2850 /* TerminalScriptBuilder.swift in Sources */,
				AFCC1DCCC119FD3876BBFABC /* TerminalLaunchError.swift in Sources */,
				182C9A04B6360F466EA830F5 /* TerminalLaunchRequest.swift in Sources */,
				7BFCA77F90D5481A393D17A5 /* TerminalLauncher.swift in Sources */,
				10981E1FD90C1A5A81A9BBE4 /* TerminalApp.swift in Sources */,
				3CD045A6D6894A5C21F9EDDE /* TerminalAppDetector.swift in Sources */,
				532DE5BEF072706C78FEF864 /* RegistryWatcher.swift in Sources */,
				91355FECD26CBB4AC2DE30EF /* FinderClickMode.swift in Sources */,
				3F6F4A2DD7089DAADB82A271 /* SharedSettings.swift in Sources */,
			);
			runOnlyForDeploymentPostprocessing = 0;
		};
		49F10AE9A212FC00E3C5D6A8 /* Sources */ = {
			isa = PBXSourcesBuildPhase;
			buildActionMask = 2147483647;
			files = (
				8E2F6C65E85D83CD85FBD249 /* GotoFinderSyncExtension.swift in Sources */,
				05509BC6521A302E88809B7F /* FinderLaunchNotifications.swift in Sources */,
				EA2E29490133487FB9419707 /* FinderClickMode.swift in Sources */,
			);
			runOnlyForDeploymentPostprocessing = 0;
		};
/* End PBXSourcesBuildPhase section */

/* Begin PBXTargetDependency section */
		B3B52AF246945C98DC0913F4 /* PBXTargetDependency */ = {
			isa = PBXTargetDependency;
			name = GotoFinderSync;
			target = F5635F13008BB6137AE56152 /* GotoFinderSync */;
			targetProxy = 5B1BAB03B53950D9F9423A7B /* PBXContainerItemProxy */;
		};
/* End PBXTargetDependency section */

/* Begin XCBuildConfiguration section */
		167C9FF9AE54C616A4783252 /* Release */ = {
			isa = XCBuildConfiguration;
			buildSettings = {
				ALWAYS_EMBED_SWIFT_STANDARD_LIBRARIES = YES;
				ASSETCATALOG_COMPILER_APPICON_NAME = AppIcon;
				ASSETCATALOG_COMPILER_GLOBAL_ACCENT_COLOR_NAME = AccentColor;
				CODE_SIGN_IDENTITY = "-";
				CODE_SIGN_STYLE = Manual;
				COMBINE_HIDPI_IMAGES = YES;
				CURRENT_PROJECT_VERSION = 0.0.2;
				GENERATE_INFOPLIST_FILE = NO;
				INFOPLIST_FILE = Goto/Info.plist;
				LD_RUNPATH_SEARCH_PATHS = "$(inherited) @executable_path/../Frameworks @executable_path/../PlugIns";
				MACOSX_DEPLOYMENT_TARGET = 13.0;
				MARKETING_VERSION = 0.0.2;
				PRODUCT_BUNDLE_IDENTIFIER = dev.goto.finder;
				PRODUCT_NAME = Goto;
				SDKROOT = macosx;
				SWIFT_VERSION = 5.0;
			};
			name = Release;
		};
		37635728120FDFC7178D3B7A /* Release */ = {
			isa = XCBuildConfiguration;
			buildSettings = {
				APPLICATION_EXTENSION_API_ONLY = YES;
				CODE_SIGN_ENTITLEMENTS = GotoFinderSync/GotoFinderSync.entitlements;
				CODE_SIGN_IDENTITY = "-";
				CODE_SIGN_STYLE = Manual;
				CURRENT_PROJECT_VERSION = 0.0.2;
				GENERATE_INFOPLIST_FILE = NO;
				INFOPLIST_FILE = GotoFinderSync/Info.plist;
				LD_RUNPATH_SEARCH_PATHS = "$(inherited) @executable_path/../../Frameworks @executable_path/../../PlugIns";
				MACOSX_DEPLOYMENT_TARGET = 13.0;
				MARKETING_VERSION = 0.0.2;
				PRODUCT_BUNDLE_IDENTIFIER = dev.goto.finder.findersync;
				PRODUCT_NAME = GotoFinderSync;
				SDKROOT = macosx;
				SKIP_INSTALL = YES;
				SWIFT_VERSION = 5.0;
			};
			name = Release;
		};
		5E7A3DB72070E7ED775AC174 /* Debug */ = {
			isa = XCBuildConfiguration;
			buildSettings = {
				ALWAYS_EMBED_SWIFT_STANDARD_LIBRARIES = YES;
				ASSETCATALOG_COMPILER_APPICON_NAME = AppIcon;
				ASSETCATALOG_COMPILER_GLOBAL_ACCENT_COLOR_NAME = AccentColor;
				CODE_SIGN_IDENTITY = "-";
				CODE_SIGN_STYLE = Manual;
				COMBINE_HIDPI_IMAGES = YES;
				CURRENT_PROJECT_VERSION = 0.0.2;
				GENERATE_INFOPLIST_FILE = NO;
				INFOPLIST_FILE = Goto/Info.plist;
				LD_RUNPATH_SEARCH_PATHS = "$(inherited) @executable_path/../Frameworks @executable_path/../PlugIns";
				MACOSX_DEPLOYMENT_TARGET = 13.0;
				MARKETING_VERSION = 0.0.2;
				PRODUCT_BUNDLE_IDENTIFIER = dev.goto.finder;
				PRODUCT_NAME = Goto;
				SDKROOT = macosx;
				SWIFT_VERSION = 5.0;
			};
			name = Debug;
		};
		7FEAA735B2CA707EE169DD95 /* Debug */ = {
			isa = XCBuildConfiguration;
			buildSettings = {
				ALWAYS_SEARCH_USER_PATHS = NO;
				CLANG_ANALYZER_NONNULL = YES;
				CLANG_ANALYZER_NUMBER_OBJECT_CONVERSION = YES_AGGRESSIVE;
				CLANG_CXX_LANGUAGE_STANDARD = "gnu++14";
				CLANG_CXX_LIBRARY = "libc++";
				CLANG_ENABLE_MODULES = YES;
				CLANG_ENABLE_OBJC_ARC = YES;
				CLANG_ENABLE_OBJC_WEAK = YES;
				CLANG_WARN_BLOCK_CAPTURE_AUTORELEASING = YES;
				CLANG_WARN_BOOL_CONVERSION = YES;
				CLANG_WARN_COMMA = YES;
				CLANG_WARN_CONSTANT_CONVERSION = YES;
				CLANG_WARN_DEPRECATED_OBJC_IMPLEMENTATIONS = YES;
				CLANG_WARN_DIRECT_OBJC_ISA_USAGE = YES_ERROR;
				CLANG_WARN_DOCUMENTATION_COMMENTS = YES;
				CLANG_WARN_EMPTY_BODY = YES;
				CLANG_WARN_ENUM_CONVERSION = YES;
				CLANG_WARN_INFINITE_RECURSION = YES;
				CLANG_WARN_INT_CONVERSION = YES;
				CLANG_WARN_NON_LITERAL_NULL_CONVERSION = YES;
				CLANG_WARN_OBJC_IMPLICIT_RETAIN_SELF = YES;
				CLANG_WARN_OBJC_LITERAL_CONVERSION = YES;
				CLANG_WARN_OBJC_ROOT_CLASS = YES_ERROR;
				CLANG_WARN_QUOTED_INCLUDE_IN_FRAMEWORK_HEADER = YES;
				CLANG_WARN_RANGE_LOOP_ANALYSIS = YES;
				CLANG_WARN_STRICT_PROTOTYPES = YES;
				CLANG_WARN_SUSPICIOUS_MOVE = YES;
				CLANG_WARN_UNGUARDED_AVAILABILITY = YES_AGGRESSIVE;
				CLANG_WARN_UNREACHABLE_CODE = YES;
				CLANG_WARN__DUPLICATE_METHOD_MATCH = YES;
				COPY_PHASE_STRIP = NO;
				DEBUG_INFORMATION_FORMAT = dwarf;
				ENABLE_STRICT_OBJC_MSGSEND = YES;
				ENABLE_TESTABILITY = YES;
				GCC_C_LANGUAGE_STANDARD = gnu11;
				GCC_DYNAMIC_NO_PIC = NO;
				GCC_NO_COMMON_BLOCKS = YES;
				GCC_OPTIMIZATION_LEVEL = 0;
				GCC_PREPROCESSOR_DEFINITIONS = (
					"DEBUG=1",
					"$(inherited)",
				);
				GCC_WARN_64_TO_32_BIT_CONVERSION = YES;
				GCC_WARN_ABOUT_RETURN_TYPE = YES_ERROR;
				GCC_WARN_UNDECLARED_SELECTOR = YES;
				GCC_WARN_UNINITIALIZED_AUTOS = YES_AGGRESSIVE;
				GCC_WARN_UNUSED_FUNCTION = YES;
				GCC_WARN_UNUSED_VARIABLE = YES;
				MTL_ENABLE_DEBUG_INFO = INCLUDE_SOURCE;
				MTL_FAST_MATH = YES;
				ONLY_ACTIVE_ARCH = YES;
				PRODUCT_NAME = "$(TARGET_NAME)";
				SWIFT_ACTIVE_COMPILATION_CONDITIONS = DEBUG;
				SWIFT_OPTIMIZATION_LEVEL = "-Onone";
				SWIFT_VERSION = 5.0;
			};
			name = Debug;
		};
		84BF69DAE642CF6432946226 /* Debug */ = {
			isa = XCBuildConfiguration;
			buildSettings = {
				APPLICATION_EXTENSION_API_ONLY = YES;
				CODE_SIGN_ENTITLEMENTS = GotoFinderSync/GotoFinderSync.entitlements;
				CODE_SIGN_IDENTITY = "-";
				CODE_SIGN_STYLE = Manual;
				CURRENT_PROJECT_VERSION = 0.0.2;
				GENERATE_INFOPLIST_FILE = NO;
				INFOPLIST_FILE = GotoFinderSync/Info.plist;
				LD_RUNPATH_SEARCH_PATHS = "$(inherited) @executable_path/../../Frameworks @executable_path/../../PlugIns";
				MACOSX_DEPLOYMENT_TARGET = 13.0;
				MARKETING_VERSION = 0.0.2;
				PRODUCT_BUNDLE_IDENTIFIER = dev.goto.finder.findersync;
				PRODUCT_NAME = GotoFinderSync;
				SDKROOT = macosx;
				SKIP_INSTALL = YES;
				SWIFT_VERSION = 5.0;
			};
			name = Debug;
		};
		A12CA0EFBEEB38F9AAEF5288 /* Release */ = {
			isa = XCBuildConfiguration;
			buildSettings = {
				ALWAYS_SEARCH_USER_PATHS = NO;
				CLANG_ANALYZER_NONNULL = YES;
				CLANG_ANALYZER_NUMBER_OBJECT_CONVERSION = YES_AGGRESSIVE;
				CLANG_CXX_LANGUAGE_STANDARD = "gnu++14";
				CLANG_CXX_LIBRARY = "libc++";
				CLANG_ENABLE_MODULES = YES;
				CLANG_ENABLE_OBJC_ARC = YES;
				CLANG_ENABLE_OBJC_WEAK = YES;
				CLANG_WARN_BLOCK_CAPTURE_AUTORELEASING = YES;
				CLANG_WARN_BOOL_CONVERSION = YES;
				CLANG_WARN_COMMA = YES;
				CLANG_WARN_CONSTANT_CONVERSION = YES;
				CLANG_WARN_DEPRECATED_OBJC_IMPLEMENTATIONS = YES;
				CLANG_WARN_DIRECT_OBJC_ISA_USAGE = YES_ERROR;
				CLANG_WARN_DOCUMENTATION_COMMENTS = YES;
				CLANG_WARN_EMPTY_BODY = YES;
				CLANG_WARN_ENUM_CONVERSION = YES;
				CLANG_WARN_INFINITE_RECURSION = YES;
				CLANG_WARN_INT_CONVERSION = YES;
				CLANG_WARN_NON_LITERAL_NULL_CONVERSION = YES;
				CLANG_WARN_OBJC_IMPLICIT_RETAIN_SELF = YES;
				CLANG_WARN_OBJC_LITERAL_CONVERSION = YES;
				CLANG_WARN_OBJC_ROOT_CLASS = YES_ERROR;
				CLANG_WARN_QUOTED_INCLUDE_IN_FRAMEWORK_HEADER = YES;
				CLANG_WARN_RANGE_LOOP_ANALYSIS = YES;
				CLANG_WARN_STRICT_PROTOTYPES = YES;
				CLANG_WARN_SUSPICIOUS_MOVE = YES;
				CLANG_WARN_UNGUARDED_AVAILABILITY = YES_AGGRESSIVE;
				CLANG_WARN_UNREACHABLE_CODE = YES;
				CLANG_WARN__DUPLICATE_METHOD_MATCH = YES;
				COPY_PHASE_STRIP = NO;
				DEBUG_INFORMATION_FORMAT = "dwarf-with-dsym";
				ENABLE_NS_ASSERTIONS = NO;
				ENABLE_STRICT_OBJC_MSGSEND = YES;
				GCC_C_LANGUAGE_STANDARD = gnu11;
				GCC_NO_COMMON_BLOCKS = YES;
				GCC_WARN_64_TO_32_BIT_CONVERSION = YES;
				GCC_WARN_ABOUT_RETURN_TYPE = YES_ERROR;
				GCC_WARN_UNDECLARED_SELECTOR = YES;
				GCC_WARN_UNINITIALIZED_AUTOS = YES_AGGRESSIVE;
				GCC_WARN_UNUSED_FUNCTION = YES;
				GCC_WARN_UNUSED_VARIABLE = YES;
				MTL_ENABLE_DEBUG_INFO = NO;
				MTL_FAST_MATH = YES;
				PRODUCT_NAME = "$(TARGET_NAME)";
				SWIFT_COMPILATION_MODE = wholemodule;
				SWIFT_OPTIMIZATION_LEVEL = "-O";
				SWIFT_VERSION = 5.0;
			};
			name = Release;
		};
/* End XCBuildConfiguration section */

/* Begin XCConfigurationList section */
		99C48641BB7D115E680C2DB5 /* Build configuration list for PBXNativeTarget "Goto" */ = {
			isa = XCConfigurationList;
			buildConfigurations = (
				167C9FF9AE54C616A4783252 /* Release */,
				5E7A3DB72070E7ED775AC174 /* Debug */,
			);
			defaultConfigurationIsVisible = 0;
			defaultConfigurationName = Release;
		};
		A9A1A6B0750717A9662AE78C /* Build configuration list for PBXNativeTarget "GotoFinderSync" */ = {
			isa = XCConfigurationList;
			buildConfigurations = (
				37635728120FDFC7178D3B7A /* Release */,
				84BF69DAE642CF6432946226 /* Debug */,
			);
			defaultConfigurationIsVisible = 0;
			defaultConfigurationName = Release;
		};
		F4C8CA552D86C4016BDF3A6F /* Build configuration list for PBXProject "Goto" */ = {
			isa = XCConfigurationList;
			buildConfigurations = (
				7FEAA735B2CA707EE169DD95 /* Debug */,
				A12CA0EFBEEB38F9AAEF5288 /* Release */,
			);
			defaultConfigurationIsVisible = 0;
			defaultConfigurationName = Release;
		};
/* End XCConfigurationList section */
	};
	rootObject = EDEC74D2421C81E653619D75 /* Project object */;
}
